// !$*UTF8*$!
{
	archiveVersion = 1;
	classes = {
	};
	objectVersion = 46;
	objects = {

/* Begin PBXBuildFile section */
		FD08AB7715AB75CA00B5A2AC /* Compass.h in Headers */ = {isa = PBXBuildFile; fileRef = FD08AB7515AB75CA00B5A2AC /* Compass.h */; };
		FD08AB7815AB75CA00B5A2AC /* Compass.m in Sources */ = {isa = PBXBuildFile; fileRef = FD08AB7615AB75CA00B5A2AC /* Compass.m */; };
		FD08AB7B15AB75E900B5A2AC /* CompassTest.m in Sources */ = {isa = PBXBuildFile; fileRef = FD08AB7A15AB75E900B5A2AC /* CompassTest.m */; };
		FD18145915B9D501004ADD09 /* FriendHeadingSource.h in Headers */ = {isa = PBXBuildFile; fileRef = FD18145815B9D501004ADD09 /* FriendHeadingSource.h */; };
		FD18145D15B9D516004ADD09 /* FakedFriendHeadingSource.m in Sources */ = {isa = PBXBuildFile; fileRef = FD18145C15B9D516004ADD09 /* FakedFriendHeadingSource.m */; };
		FD18146115BB50C6004ADD09 /* FakedDeviceHeadingSupplier.m in Sources */ = {isa = PBXBuildFile; fileRef = FD18146015BB50C6004ADD09 /* FakedDeviceHeadingSupplier.m */; };
		FD2C9BE21587FF9B00EF0978 /* FriendLocatorDisplay.h in Headers */ = {isa = PBXBuildFile; fileRef = FD2C9BE11587FF9B00EF0978 /* FriendLocatorDisplay.h */; };
		FD31CF7F1570090000905B59 /* Foundation.framework in Frameworks */ = {isa = PBXBuildFile; fileRef = FD31CF7E1570090000905B59 /* Foundation.framework */; };
		FD31CF8D1570090000905B59 /* SenTestingKit.framework in Frameworks */ = {isa = PBXBuildFile; fileRef = FD31CF8C1570090000905B59 /* SenTestingKit.framework */; };
		FD31CF8F1570090000905B59 /* UIKit.framework in Frameworks */ = {isa = PBXBuildFile; fileRef = FD31CF8E1570090000905B59 /* UIKit.framework */; };
		FD31CF901570090000905B59 /* Foundation.framework in Frameworks */ = {isa = PBXBuildFile; fileRef = FD31CF7E1570090000905B59 /* Foundation.framework */; };
		FD31CF931570090000905B59 /* libfriend-bearing-client-ios-lib.a in Frameworks */ = {isa = PBXBuildFile; fileRef = FD31CF7B1570090000905B59 /* libfriend-bearing-client-ios-lib.a */; };
		FD31CF991570090000905B59 /* InfoPlist.strings in Resources */ = {isa = PBXBuildFile; fileRef = FD31CF971570090000905B59 /* InfoPlist.strings */; };
		FD63D37C1587AC7C00308336 /* FriendLocatorPresenter.h in Headers */ = {isa = PBXBuildFile; fileRef = FD63D37A1587AC7C00308336 /* FriendLocatorPresenter.h */; };
		FD63D37D1587AC7C00308336 /* FriendLocatorPresenter.m in Sources */ = {isa = PBXBuildFile; fileRef = FD63D37B1587AC7C00308336 /* FriendLocatorPresenter.m */; };
		FDAE22E715701E34006B3353 /* ChooseFriendPresenter.h in Headers */ = {isa = PBXBuildFile; fileRef = FDAE22E515701E34006B3353 /* ChooseFriendPresenter.h */; };
		FDAE22E815701E34006B3353 /* ChooseFriendPresenter.m in Sources */ = {isa = PBXBuildFile; fileRef = FDAE22E615701E34006B3353 /* ChooseFriendPresenter.m */; };
		FDAE22EA15701E43006B3353 /* ChooseFriendDisplay.h in Headers */ = {isa = PBXBuildFile; fileRef = FDAE22E915701E43006B3353 /* ChooseFriendDisplay.h */; settings = {ATTRIBUTES = (Public, ); }; };
		FDAE22ED157028D6006B3353 /* ChooseFriendPresenterTest.m in Sources */ = {isa = PBXBuildFile; fileRef = FDAE22EC157028D6006B3353 /* ChooseFriendPresenterTest.m */; };
		FDAE22F215702AA2006B3353 /* FakeSessionSource.m in Sources */ = {isa = PBXBuildFile; fileRef = FDAE22F115702AA2006B3353 /* FakeSessionSource.m */; };
		FDAE22F515702BBD006B3353 /* Session.h in Headers */ = {isa = PBXBuildFile; fileRef = FDAE22F315702BBD006B3353 /* Session.h */; };
		FDAE22F615702BBD006B3353 /* Session.m in Sources */ = {isa = PBXBuildFile; fileRef = FDAE22F415702BBD006B3353 /* Session.m */; };
		FDAE22F915702CFA006B3353 /* FakeChooseFriendDisplay.m in Sources */ = {isa = PBXBuildFile; fileRef = FDAE22F815702CFA006B3353 /* FakeChooseFriendDisplay.m */; };
		FDBE19EF1590549E007C868C /* FriendLocatorPresenterTest.m in Sources */ = {isa = PBXBuildFile; fileRef = FDBE19EE1590549E007C868C /* FriendLocatorPresenterTest.m */; };
		FDBE19F215905AC8007C868C /* FakedFriendLocatorDisplay.m in Sources */ = {isa = PBXBuildFile; fileRef = FDBE19F115905AC8007C868C /* FakedFriendLocatorDisplay.m */; };
/* End PBXBuildFile section */

/* Begin PBXContainerItemProxy section */
		FD31CF911570090000905B59 /* PBXContainerItemProxy */ = {
			isa = PBXContainerItemProxy;
			containerPortal = FD31CF72157008FF00905B59 /* Project object */;
			proxyType = 1;
			remoteGlobalIDString = FD31CF7A1570090000905B59;
			remoteInfo = "friend-bearing-client-ios-lib";
		};
/* End PBXContainerItemProxy section */

/* Begin PBXFileReference section */
		FD08AB7515AB75CA00B5A2AC /* Compass.h */ = {isa = PBXFileReference; fileEncoding = 4; lastKnownFileType = sourcecode.c.h; path = Compass.h; sourceTree = "<group>"; };
		FD08AB7615AB75CA00B5A2AC /* Compass.m */ = {isa = PBXFileReference; fileEncoding = 4; lastKnownFileType = sourcecode.c.objc; path = Compass.m; sourceTree = "<group>"; };
		FD08AB7915AB75E900B5A2AC /* CompassTest.h */ = {isa = PBXFileReference; fileEncoding = 4; lastKnownFileType = sourcecode.c.h; path = CompassTest.h; sourceTree = "<group>"; };
		FD08AB7A15AB75E900B5A2AC /* CompassTest.m */ = {isa = PBXFileReference; fileEncoding = 4; lastKnownFileType = sourcecode.c.objc; path = CompassTest.m; sourceTree = "<group>"; };
		FD18145815B9D501004ADD09 /* FriendHeadingSource.h */ = {isa = PBXFileReference; fileEncoding = 4; lastKnownFileType = sourcecode.c.h; path = FriendHeadingSource.h; sourceTree = "<group>"; };
		FD18145B15B9D516004ADD09 /* FakedFriendHeadingSource.h */ = {isa = PBXFileReference; fileEncoding = 4; lastKnownFileType = sourcecode.c.h; path = FakedFriendHeadingSource.h; sourceTree = "<group>"; };
		FD18145C15B9D516004ADD09 /* FakedFriendHeadingSource.m */ = {isa = PBXFileReference; fileEncoding = 4; lastKnownFileType = sourcecode.c.objc; path = FakedFriendHeadingSource.m; sourceTree = "<group>"; };
		FD18145E15BB50A5004ADD09 /* DeviceHeadingSupplier.h */ = {isa = PBXFileReference; lastKnownFileType = sourcecode.c.h; path = DeviceHeadingSupplier.h; sourceTree = "<group>"; };
		FD18145F15BB50C6004ADD09 /* FakedDeviceHeadingSupplier.h */ = {isa = PBXFileReference; fileEncoding = 4; lastKnownFileType = sourcecode.c.h; path = FakedDeviceHeadingSupplier.h; sourceTree = "<group>"; };
		FD18146015BB50C6004ADD09 /* FakedDeviceHeadingSupplier.m */ = {isa = PBXFileReference; fileEncoding = 4; lastKnownFileType = sourcecode.c.objc; path = FakedDeviceHeadingSupplier.m; sourceTree = "<group>"; };
		FD18146215BB5114004ADD09 /* DeviceHeadingReceiver.h */ = {isa = PBXFileReference; lastKnownFileType = sourcecode.c.h; path = DeviceHeadingReceiver.h; sourceTree = "<group>"; };
		FD2C9BE11587FF9B00EF0978 /* FriendLocatorDisplay.h */ = {isa = PBXFileReference; fileEncoding = 4; lastKnownFileType = sourcecode.c.h; path = FriendLocatorDisplay.h; sourceTree = "<group>"; };
		FD31CF7B1570090000905B59 /* libfriend-bearing-client-ios-lib.a */ = {isa = PBXFileReference; explicitFileType = archive.ar; includeInIndex = 0; path = "libfriend-bearing-client-ios-lib.a"; sourceTree = BUILT_PRODUCTS_DIR; };
		FD31CF7E1570090000905B59 /* Foundation.framework */ = {isa = PBXFileReference; lastKnownFileType = wrapper.framework; name = Foundation.framework; path = System/Library/Frameworks/Foundation.framework; sourceTree = SDKROOT; };
		FD31CF821570090000905B59 /* friend-bearing-client-ios-lib-Prefix.pch */ = {isa = PBXFileReference; lastKnownFileType = sourcecode.c.h; path = "friend-bearing-client-ios-lib-Prefix.pch"; sourceTree = "<group>"; };
		FD31CF8B1570090000905B59 /* friend-bearing-client-ios-libTests.octest */ = {isa = PBXFileReference; explicitFileType = wrapper.cfbundle; includeInIndex = 0; path = "friend-bearing-client-ios-libTests.octest"; sourceTree = BUILT_PRODUCTS_DIR; };
		FD31CF8C1570090000905B59 /* SenTestingKit.framework */ = {isa = PBXFileReference; lastKnownFileType = wrapper.framework; name = SenTestingKit.framework; path = Library/Frameworks/SenTestingKit.framework; sourceTree = DEVELOPER_DIR; };
		FD31CF8E1570090000905B59 /* UIKit.framework */ = {isa = PBXFileReference; lastKnownFileType = wrapper.framework; name = UIKit.framework; path = Library/Frameworks/UIKit.framework; sourceTree = DEVELOPER_DIR; };
		FD31CF961570090000905B59 /* friend-bearing-client-ios-libTests-Info.plist */ = {isa = PBXFileReference; lastKnownFileType = text.plist.xml; path = "friend-bearing-client-ios-libTests-Info.plist"; sourceTree = "<group>"; };
		FD31CF981570090000905B59 /* en */ = {isa = PBXFileReference; lastKnownFileType = text.plist.strings; name = en; path = en.lproj/InfoPlist.strings; sourceTree = "<group>"; };
		FD63D37A1587AC7C00308336 /* FriendLocatorPresenter.h */ = {isa = PBXFileReference; fileEncoding = 4; lastKnownFileType = sourcecode.c.h; path = FriendLocatorPresenter.h; sourceTree = "<group>"; };
		FD63D37B1587AC7C00308336 /* FriendLocatorPresenter.m */ = {isa = PBXFileReference; fileEncoding = 4; lastKnownFileType = sourcecode.c.objc; path = FriendLocatorPresenter.m; sourceTree = "<group>"; };
		FDAE22E515701E34006B3353 /* ChooseFriendPresenter.h */ = {isa = PBXFileReference; fileEncoding = 4; lastKnownFileType = sourcecode.c.h; path = ChooseFriendPresenter.h; sourceTree = "<group>"; };
		FDAE22E615701E34006B3353 /* ChooseFriendPresenter.m */ = {isa = PBXFileReference; fileEncoding = 4; lastKnownFileType = sourcecode.c.objc; path = ChooseFriendPresenter.m; sourceTree = "<group>"; };
		FDAE22E915701E43006B3353 /* ChooseFriendDisplay.h */ = {isa = PBXFileReference; fileEncoding = 4; lastKnownFileType = sourcecode.c.h; path = ChooseFriendDisplay.h; sourceTree = "<group>"; };
		FDAE22EB157028D6006B3353 /* ChooseFriendPresenterTest.h */ = {isa = PBXFileReference; fileEncoding = 4; lastKnownFileType = sourcecode.c.h; path = ChooseFriendPresenterTest.h; sourceTree = "<group>"; };
		FDAE22EC157028D6006B3353 /* ChooseFriendPresenterTest.m */ = {isa = PBXFileReference; fileEncoding = 4; lastKnownFileType = sourcecode.c.objc; path = ChooseFriendPresenterTest.m; sourceTree = "<group>"; };
		FDAE22EE15702A5D006B3353 /* SessionSource.h */ = {isa = PBXFileReference; lastKnownFileType = sourcecode.c.h; path = SessionSource.h; sourceTree = "<group>"; };
		FDAE22F015702AA2006B3353 /* FakeSessionSource.h */ = {isa = PBXFileReference; fileEncoding = 4; lastKnownFileType = sourcecode.c.h; path = FakeSessionSource.h; sourceTree = "<group>"; };
		FDAE22F115702AA2006B3353 /* FakeSessionSource.m */ = {isa = PBXFileReference; fileEncoding = 4; lastKnownFileType = sourcecode.c.objc; path = FakeSessionSource.m; sourceTree = "<group>"; };
		FDAE22F315702BBD006B3353 /* Session.h */ = {isa = PBXFileReference; fileEncoding = 4; lastKnownFileType = sourcecode.c.h; path = Session.h; sourceTree = "<group>"; };
		FDAE22F415702BBD006B3353 /* Session.m */ = {isa = PBXFileReference; fileEncoding = 4; lastKnownFileType = sourcecode.c.objc; path = Session.m; sourceTree = "<group>"; };
		FDAE22F715702CFA006B3353 /* FakeChooseFriendDisplay.h */ = {isa = PBXFileReference; fileEncoding = 4; lastKnownFileType = sourcecode.c.h; path = FakeChooseFriendDisplay.h; sourceTree = "<group>"; };
		FDAE22F815702CFA006B3353 /* FakeChooseFriendDisplay.m */ = {isa = PBXFileReference; fileEncoding = 4; lastKnownFileType = sourcecode.c.objc; path = FakeChooseFriendDisplay.m; sourceTree = "<group>"; };
		FDBE19ED1590549E007C868C /* FriendLocatorPresenterTest.h */ = {isa = PBXFileReference; fileEncoding = 4; lastKnownFileType = sourcecode.c.h; path = FriendLocatorPresenterTest.h; sourceTree = "<group>"; };
		FDBE19EE1590549E007C868C /* FriendLocatorPresenterTest.m */ = {isa = PBXFileReference; fileEncoding = 4; lastKnownFileType = sourcecode.c.objc; path = FriendLocatorPresenterTest.m; sourceTree = "<group>"; };
		FDBE19F015905AC8007C868C /* FakedFriendLocatorDisplay.h */ = {isa = PBXFileReference; fileEncoding = 4; lastKnownFileType = sourcecode.c.h; path = FakedFriendLocatorDisplay.h; sourceTree = "<group>"; };
		FDBE19F115905AC8007C868C /* FakedFriendLocatorDisplay.m */ = {isa = PBXFileReference; fileEncoding = 4; lastKnownFileType = sourcecode.c.objc; path = FakedFriendLocatorDisplay.m; sourceTree = "<group>"; };
/* End PBXFileReference section */

/* Begin PBXFrameworksBuildPhase section */
		FD31CF781570090000905B59 /* Frameworks */ = {
			isa = PBXFrameworksBuildPhase;
			buildActionMask = 2147483647;
			files = (
				FD31CF7F1570090000905B59 /* Foundation.framework in Frameworks */,
			);
			runOnlyForDeploymentPostprocessing = 0;
		};
		FD31CF871570090000905B59 /* Frameworks */ = {
			isa = PBXFrameworksBuildPhase;
			buildActionMask = 2147483647;
			files = (
				FD31CF8D1570090000905B59 /* SenTestingKit.framework in Frameworks */,
				FD31CF8F1570090000905B59 /* UIKit.framework in Frameworks */,
				FD31CF901570090000905B59 /* Foundation.framework in Frameworks */,
				FD31CF931570090000905B59 /* libfriend-bearing-client-ios-lib.a in Frameworks */,
			);
			runOnlyForDeploymentPostprocessing = 0;
		};
/* End PBXFrameworksBuildPhase section */

/* Begin PBXGroup section */
		FD08AB6C15AB752D00B5A2AC /* Models */ = {
			isa = PBXGroup;
			children = (
				FD08AB7915AB75E900B5A2AC /* CompassTest.h */,
				FD08AB7A15AB75E900B5A2AC /* CompassTest.m */,
			);
			name = Models;
			sourceTree = "<group>";
		};
		FD31CF70157008FF00905B59 = {
			isa = PBXGroup;
			children = (
				FD31CF801570090000905B59 /* friend-bearing-client-ios-lib */,
				FD31CF941570090000905B59 /* friend-bearing-client-ios-libTests */,
				FD31CF7D1570090000905B59 /* Frameworks */,
				FD31CF7C1570090000905B59 /* Products */,
			);
			sourceTree = "<group>";
		};
		FD31CF7C1570090000905B59 /* Products */ = {
			isa = PBXGroup;
			children = (
				FD31CF7B1570090000905B59 /* libfriend-bearing-client-ios-lib.a */,
				FD31CF8B1570090000905B59 /* friend-bearing-client-ios-libTests.octest */,
			);
			name = Products;
			sourceTree = "<group>";
		};
		FD31CF7D1570090000905B59 /* Frameworks */ = {
			isa = PBXGroup;
			children = (
				FD31CF7E1570090000905B59 /* Foundation.framework */,
				FD31CF8C1570090000905B59 /* SenTestingKit.framework */,
				FD31CF8E1570090000905B59 /* UIKit.framework */,
			);
			name = Frameworks;
			sourceTree = "<group>";
		};
		FD31CF801570090000905B59 /* friend-bearing-client-ios-lib */ = {
			isa = PBXGroup;
			children = (
				FD31CFF115700C4600905B59 /* Use Cases */,
				FD31D0011570107600905B59 /* Models */,
				FD31CFFE1570103700905B59 /* Services */,
				FD31CF811570090000905B59 /* Supporting Files */,
			);
			path = "friend-bearing-client-ios-lib";
			sourceTree = "<group>";
		};
		FD31CF811570090000905B59 /* Supporting Files */ = {
			isa = PBXGroup;
			children = (
				FD31CF821570090000905B59 /* friend-bearing-client-ios-lib-Prefix.pch */,
			);
			name = "Supporting Files";
			sourceTree = "<group>";
		};
		FD31CF941570090000905B59 /* friend-bearing-client-ios-libTests */ = {
			isa = PBXGroup;
			children = (
				FD31CFF215700C4C00905B59 /* Use Cases */,
				FD08AB6C15AB752D00B5A2AC /* Models */,
				FDAE22EF15702A91006B3353 /* Services */,
				FD31CF951570090000905B59 /* Supporting Files */,
			);
			path = "friend-bearing-client-ios-libTests";
			sourceTree = "<group>";
		};
		FD31CF951570090000905B59 /* Supporting Files */ = {
			isa = PBXGroup;
			children = (
				FD31CF961570090000905B59 /* friend-bearing-client-ios-libTests-Info.plist */,
				FD31CF971570090000905B59 /* InfoPlist.strings */,
			);
			name = "Supporting Files";
			sourceTree = "<group>";
		};
		FD31CFF115700C4600905B59 /* Use Cases */ = {
			isa = PBXGroup;
			children = (
				FD31CFF315700C5500905B59 /* Start the App */,
				FD31D00B15701AC700905B59 /* Choose Friend */,
				FD63D3791587AC6400308336 /* Friend Locator */,
			);
			name = "Use Cases";
			sourceTree = "<group>";
		};
		FD31CFF215700C4C00905B59 /* Use Cases */ = {
			isa = PBXGroup;
			children = (
				FD31CFF415700C6800905B59 /* Start the App */,
				FD31D00C15701AD900905B59 /* Choose Friend */,
				FDBE19EB15905478007C868C /* Friend Locator */,
			);
			name = "Use Cases";
			sourceTree = "<group>";
		};
		FD31CFF315700C5500905B59 /* Start the App */ = {
			isa = PBXGroup;
			children = (
			);
			name = "Start the App";
			sourceTree = "<group>";
		};
		FD31CFF415700C6800905B59 /* Start the App */ = {
			isa = PBXGroup;
			children = (
			);
			name = "Start the App";
			sourceTree = "<group>";
		};
		FD31CFFE1570103700905B59 /* Services */ = {
			isa = PBXGroup;
			children = (
				FDAE22EE15702A5D006B3353 /* SessionSource.h */,
				FD18145815B9D501004ADD09 /* FriendHeadingSource.h */,
				FD18145E15BB50A5004ADD09 /* DeviceHeadingSupplier.h */,
				FD18146215BB5114004ADD09 /* DeviceHeadingReceiver.h */,
			);
			name = Services;
			sourceTree = "<group>";
		};
		FD31D0011570107600905B59 /* Models */ = {
			isa = PBXGroup;
			children = (
				FDAE22F315702BBD006B3353 /* Session.h */,
				FDAE22F415702BBD006B3353 /* Session.m */,
				FD08AB7515AB75CA00B5A2AC /* Compass.h */,
				FD08AB7615AB75CA00B5A2AC /* Compass.m */,
			);
			name = Models;
			sourceTree = "<group>";
		};
		FD31D00B15701AC700905B59 /* Choose Friend */ = {
			isa = PBXGroup;
			children = (
				FDAE22E515701E34006B3353 /* ChooseFriendPresenter.h */,
				FDAE22E615701E34006B3353 /* ChooseFriendPresenter.m */,
				FDAE22E915701E43006B3353 /* ChooseFriendDisplay.h */,
			);
			name = "Choose Friend";
			sourceTree = "<group>";
		};
		FD31D00C15701AD900905B59 /* Choose Friend */ = {
			isa = PBXGroup;
			children = (
				FDAE22EB157028D6006B3353 /* ChooseFriendPresenterTest.h */,
				FDAE22EC157028D6006B3353 /* ChooseFriendPresenterTest.m */,
				FDAE22F715702CFA006B3353 /* FakeChooseFriendDisplay.h */,
				FDAE22F815702CFA006B3353 /* FakeChooseFriendDisplay.m */,
			);
			name = "Choose Friend";
			sourceTree = "<group>";
		};
		FD63D3791587AC6400308336 /* Friend Locator */ = {
			isa = PBXGroup;
			children = (
				FD63D37A1587AC7C00308336 /* FriendLocatorPresenter.h */,
				FD63D37B1587AC7C00308336 /* FriendLocatorPresenter.m */,
				FD2C9BE11587FF9B00EF0978 /* FriendLocatorDisplay.h */,
			);
			name = "Friend Locator";
			sourceTree = "<group>";
		};
		FDAE22EF15702A91006B3353 /* Services */ = {
			isa = PBXGroup;
			children = (
				FDAE22F015702AA2006B3353 /* FakeSessionSource.h */,
				FDAE22F115702AA2006B3353 /* FakeSessionSource.m */,
			);
			name = Services;
			sourceTree = "<group>";
		};
		FDBE19EB15905478007C868C /* Friend Locator */ = {
			isa = PBXGroup;
			children = (
				FDBE19ED1590549E007C868C /* FriendLocatorPresenterTest.h */,
				FDBE19EE1590549E007C868C /* FriendLocatorPresenterTest.m */,
				FDBE19F015905AC8007C868C /* FakedFriendLocatorDisplay.h */,
				FDBE19F115905AC8007C868C /* FakedFriendLocatorDisplay.m */,
				FD18145B15B9D516004ADD09 /* FakedFriendHeadingSource.h */,
				FD18145C15B9D516004ADD09 /* FakedFriendHeadingSource.m */,
				FD18145F15BB50C6004ADD09 /* FakedDeviceHeadingSupplier.h */,
				FD18146015BB50C6004ADD09 /* FakedDeviceHeadingSupplier.m */,
			);
			name = "Friend Locator";
			sourceTree = "<group>";
		};
/* End PBXGroup section */

/* Begin PBXHeadersBuildPhase section */
		FD31CF791570090000905B59 /* Headers */ = {
			isa = PBXHeadersBuildPhase;
			buildActionMask = 2147483647;
			files = (
				FDAE22E715701E34006B3353 /* ChooseFriendPresenter.h in Headers */,
				FDAE22EA15701E43006B3353 /* ChooseFriendDisplay.h in Headers */,
				FDAE22F515702BBD006B3353 /* Session.h in Headers */,
				FD63D37C1587AC7C00308336 /* FriendLocatorPresenter.h in Headers */,
				FD2C9BE21587FF9B00EF0978 /* FriendLocatorDisplay.h in Headers */,
				FD08AB7715AB75CA00B5A2AC /* Compass.h in Headers */,
				FD18145915B9D501004ADD09 /* FriendHeadingSource.h in Headers */,
			);
			runOnlyForDeploymentPostprocessing = 0;
		};
/* End PBXHeadersBuildPhase section */

/* Begin PBXNativeTarget section */
		FD31CF7A1570090000905B59 /* friend-bearing-client-ios-lib */ = {
			isa = PBXNativeTarget;
			buildConfigurationList = FD31CF9F1570090000905B59 /* Build configuration list for PBXNativeTarget "friend-bearing-client-ios-lib" */;
			buildPhases = (
				FD31CF771570090000905B59 /* Sources */,
				FD31CF781570090000905B59 /* Frameworks */,
				FD31CF791570090000905B59 /* Headers */,
			);
			buildRules = (
			);
			dependencies = (
			);
			name = "friend-bearing-client-ios-lib";
			productName = "friend-bearing-client-ios-lib";
			productReference = FD31CF7B1570090000905B59 /* libfriend-bearing-client-ios-lib.a */;
			productType = "com.apple.product-type.library.static";
		};
		FD31CF8A1570090000905B59 /* friend-bearing-client-ios-libTests */ = {
			isa = PBXNativeTarget;
			buildConfigurationList = FD31CFA21570090000905B59 /* Build configuration list for PBXNativeTarget "friend-bearing-client-ios-libTests" */;
			buildPhases = (
				FD31CF861570090000905B59 /* Sources */,
				FD31CF871570090000905B59 /* Frameworks */,
				FD31CF881570090000905B59 /* Resources */,
				FD31CF891570090000905B59 /* ShellScript */,
			);
			buildRules = (
			);
			dependencies = (
				FD31CF921570090000905B59 /* PBXTargetDependency */,
			);
			name = "friend-bearing-client-ios-libTests";
			productName = "friend-bearing-client-ios-libTests";
			productReference = FD31CF8B1570090000905B59 /* friend-bearing-client-ios-libTests.octest */;
			productType = "com.apple.product-type.bundle";
		};
/* End PBXNativeTarget section */

/* Begin PBXProject section */
		FD31CF72157008FF00905B59 /* Project object */ = {
			isa = PBXProject;
			attributes = {
				LastUpgradeCheck = 0430;
			};
			buildConfigurationList = FD31CF75157008FF00905B59 /* Build configuration list for PBXProject "friend-bearing-client-ios-lib" */;
			compatibilityVersion = "Xcode 3.2";
			developmentRegion = English;
			hasScannedForEncodings = 0;
			knownRegions = (
				en,
			);
			mainGroup = FD31CF70157008FF00905B59;
			productRefGroup = FD31CF7C1570090000905B59 /* Products */;
			projectDirPath = "";
			projectRoot = "";
			targets = (
				FD31CF7A1570090000905B59 /* friend-bearing-client-ios-lib */,
				FD31CF8A1570090000905B59 /* friend-bearing-client-ios-libTests */,
			);
		};
/* End PBXProject section */

/* Begin PBXResourcesBuildPhase section */
		FD31CF881570090000905B59 /* Resources */ = {
			isa = PBXResourcesBuildPhase;
			buildActionMask = 2147483647;
			files = (
				FD31CF991570090000905B59 /* InfoPlist.strings in Resources */,
			);
			runOnlyForDeploymentPostprocessing = 0;
		};
/* End PBXResourcesBuildPhase section */

/* Begin PBXShellScriptBuildPhase section */
		FD31CF891570090000905B59 /* ShellScript */ = {
			isa = PBXShellScriptBuildPhase;
			buildActionMask = 2147483647;
			files = (
			);
			inputPaths = (
			);
			outputPaths = (
			);
			runOnlyForDeploymentPostprocessing = 0;
			shellPath = /bin/sh;
			shellScript = "# Run the unit tests in this test bundle.\n\"${SYSTEM_DEVELOPER_DIR}/Tools/RunUnitTests\"\n";
		};
/* End PBXShellScriptBuildPhase section */

/* Begin PBXSourcesBuildPhase section */
		FD31CF771570090000905B59 /* Sources */ = {
			isa = PBXSourcesBuildPhase;
			buildActionMask = 2147483647;
			files = (
				FDAE22E815701E34006B3353 /* ChooseFriendPresenter.m in Sources */,
				FDAE22F615702BBD006B3353 /* Session.m in Sources */,
				FD63D37D1587AC7C00308336 /* FriendLocatorPresenter.m in Sources */,
				FD08AB7815AB75CA00B5A2AC /* Compass.m in Sources */,
			);
			runOnlyForDeploymentPostprocessing = 0;
		};
		FD31CF861570090000905B59 /* Sources */ = {
			isa = PBXSourcesBuildPhase;
			buildActionMask = 2147483647;
			files = (
				FDAE22ED157028D6006B3353 /* ChooseFriendPresenterTest.m in Sources */,
				FDAE22F215702AA2006B3353 /* FakeSessionSource.m in Sources */,
				FDAE22F915702CFA006B3353 /* FakeChooseFriendDisplay.m in Sources */,
				FDBE19EF1590549E007C868C /* FriendLocatorPresenterTest.m in Sources */,
				FDBE19F215905AC8007C868C /* FakedFriendLocatorDisplay.m in Sources */,
				FD08AB7B15AB75E900B5A2AC /* CompassTest.m in Sources */,
				FD18145D15B9D516004ADD09 /* FakedFriendHeadingSource.m in Sources */,
				FD18146115BB50C6004ADD09 /* FakedDeviceHeadingSupplier.m in Sources */,
			);
			runOnlyForDeploymentPostprocessing = 0;
		};
/* End PBXSourcesBuildPhase section */

/* Begin PBXTargetDependency section */
		FD31CF921570090000905B59 /* PBXTargetDependency */ = {
			isa = PBXTargetDependency;
			target = FD31CF7A1570090000905B59 /* friend-bearing-client-ios-lib */;
			targetProxy = FD31CF911570090000905B59 /* PBXContainerItemProxy */;
		};
/* End PBXTargetDependency section */

/* Begin PBXVariantGroup section */
		FD31CF971570090000905B59 /* InfoPlist.strings */ = {
			isa = PBXVariantGroup;
			children = (
				FD31CF981570090000905B59 /* en */,
			);
			name = InfoPlist.strings;
			sourceTree = "<group>";
		};
/* End PBXVariantGroup section */

/* Begin XCBuildConfiguration section */
		FD31CF9D1570090000905B59 /* Debug */ = {
			isa = XCBuildConfiguration;
			buildSettings = {
				ALWAYS_SEARCH_USER_PATHS = NO;
				ARCHS = "$(ARCHS_STANDARD_32_BIT)";
				CLANG_ENABLE_OBJC_ARC = YES;
				COPY_PHASE_STRIP = NO;
				GCC_C_LANGUAGE_STANDARD = gnu99;
				GCC_DYNAMIC_NO_PIC = NO;
				GCC_OPTIMIZATION_LEVEL = 0;
				GCC_PREPROCESSOR_DEFINITIONS = (
					"DEBUG=1",
					"$(inherited)",
				);
				GCC_SYMBOLS_PRIVATE_EXTERN = NO;
				GCC_VERSION = com.apple.compilers.llvm.clang.1_0;
				GCC_WARN_ABOUT_RETURN_TYPE = YES;
				GCC_WARN_UNINITIALIZED_AUTOS = YES;
				GCC_WARN_UNUSED_VARIABLE = YES;
				IPHONEOS_DEPLOYMENT_TARGET = 5.1;
				SDKROOT = iphoneos;
			};
			name = Debug;
		};
		FD31CF9E1570090000905B59 /* Release */ = {
			isa = XCBuildConfiguration;
			buildSettings = {
				ALWAYS_SEARCH_USER_PATHS = NO;
				ARCHS = "$(ARCHS_STANDARD_32_BIT)";
				CLANG_ENABLE_OBJC_ARC = YES;
				COPY_PHASE_STRIP = YES;
				GCC_C_LANGUAGE_STANDARD = gnu99;
				GCC_VERSION = com.apple.compilers.llvm.clang.1_0;
				GCC_WARN_ABOUT_RETURN_TYPE = YES;
				GCC_WARN_UNINITIALIZED_AUTOS = YES;
				GCC_WARN_UNUSED_VARIABLE = YES;
				IPHONEOS_DEPLOYMENT_TARGET = 5.1;
				SDKROOT = iphoneos;
				VALIDATE_PRODUCT = YES;
			};
			name = Release;
		};
		FD31CFA01570090000905B59 /* Debug */ = {
			isa = XCBuildConfiguration;
			buildSettings = {
				DSTROOT = /tmp/friend_bearing_client_ios_lib.dst;
				GCC_PRECOMPILE_PREFIX_HEADER = YES;
				GCC_PREFIX_HEADER = "friend-bearing-client-ios-lib/friend-bearing-client-ios-lib-Prefix.pch";
				OTHER_LDFLAGS = "-ObjC";
				PRODUCT_NAME = "$(TARGET_NAME)";
				SKIP_INSTALL = YES;
			};
			name = Debug;
		};
		FD31CFA11570090000905B59 /* Release */ = {
			isa = XCBuildConfiguration;
			buildSettings = {
				DSTROOT = /tmp/friend_bearing_client_ios_lib.dst;
				GCC_PRECOMPILE_PREFIX_HEADER = YES;
				GCC_PREFIX_HEADER = "friend-bearing-client-ios-lib/friend-bearing-client-ios-lib-Prefix.pch";
				OTHER_LDFLAGS = "-ObjC";
				PRODUCT_NAME = "$(TARGET_NAME)";
				SKIP_INSTALL = YES;
			};
			name = Release;
		};
		FD31CFA31570090000905B59 /* Debug */ = {
			isa = XCBuildConfiguration;
			buildSettings = {
				FRAMEWORK_SEARCH_PATHS = (
					"$(SDKROOT)/Developer/Library/Frameworks",
					"$(DEVELOPER_LIBRARY_DIR)/Frameworks",
				);
				GCC_PRECOMPILE_PREFIX_HEADER = YES;
				GCC_PREFIX_HEADER = "friend-bearing-client-ios-lib/friend-bearing-client-ios-lib-Prefix.pch";
				INFOPLIST_FILE = "friend-bearing-client-ios-libTests/friend-bearing-client-ios-libTests-Info.plist";
				PRODUCT_NAME = "$(TARGET_NAME)";
				WRAPPER_EXTENSION = octest;
			};
			name = Debug;
		};
		FD31CFA41570090000905B59 /* Release */ = {
			isa = XCBuildConfiguration;
			buildSettings = {
				FRAMEWORK_SEARCH_PATHS = (
					"$(SDKROOT)/Developer/Library/Frameworks",
					"$(DEVELOPER_LIBRARY_DIR)/Frameworks",
				);
				GCC_PRECOMPILE_PREFIX_HEADER = YES;
				GCC_PREFIX_HEADER = "friend-bearing-client-ios-lib/friend-bearing-client-ios-lib-Prefix.pch";
				INFOPLIST_FILE = "friend-bearing-client-ios-libTests/friend-bearing-client-ios-libTests-Info.plist";
				PRODUCT_NAME = "$(TARGET_NAME)";
				WRAPPER_EXTENSION = octest;
			};
			name = Release;
		};
/* End XCBuildConfiguration section */

/* Begin XCConfigurationList section */
		FD31CF75157008FF00905B59 /* Build configuration list for PBXProject "friend-bearing-client-ios-lib" */ = {
			isa = XCConfigurationList;
			buildConfigurations = (
				FD31CF9D1570090000905B59 /* Debug */,
				FD31CF9E1570090000905B59 /* Release */,
			);
			defaultConfigurationIsVisible = 0;
			defaultConfigurationName = Release;
		};
		FD31CF9F1570090000905B59 /* Build configuration list for PBXNativeTarget "friend-bearing-client-ios-lib" */ = {
			isa = XCConfigurationList;
			buildConfigurations = (
				FD31CFA01570090000905B59 /* Debug */,
				FD31CFA11570090000905B59 /* Release */,
			);
			defaultConfigurationIsVisible = 0;
			defaultConfigurationName = Release;
		};
		FD31CFA21570090000905B59 /* Build configuration list for PBXNativeTarget "friend-bearing-client-ios-libTests" */ = {
			isa = XCConfigurationList;
			buildConfigurations = (
				FD31CFA31570090000905B59 /* Debug */,
				FD31CFA41570090000905B59 /* Release */,
			);
			defaultConfigurationIsVisible = 0;
			defaultConfigurationName = Release;
		};
/* End XCConfigurationList section */
	};
	rootObject = FD31CF72157008FF00905B59 /* Project object */;
}
