// !$*UTF8*$!
{
	archiveVersion = 1;
	classes = {
	};
	objectVersion = 46;
	objects = {

/* Begin PBXBuildFile section */
		FD08AB7715AB75CA00B5A2AC /* Compass.h in Headers */ = {isa = PBXBuildFile; fileRef = FD08AB7515AB75CA00B5A2AC /* Compass.h */; };
		FD08AB7815AB75CA00B5A2AC /* Compass.m in Sources */ = {isa = PBXBuildFile; fileRef = FD08AB7615AB75CA00B5A2AC /* Compass.m */; };
		FD08AB7B15AB75E900B5A2AC /* CompassTest.m in Sources */ = {isa = PBXBuildFile; fileRef = FD08AB7A15AB75E900B5A2AC /* CompassTest.m */; };
		FD18145915B9D501004ADD09 /* FriendHeadingSource.h in Headers */ = {isa = PBXBuildFile; fileRef = FD18145815B9D501004ADD09 /* FriendHeadingSource.h */; };
		FD18145D15B9D516004ADD09 /* FakedFriendHeadingSource.m in Sources */ = {isa = PBXBuildFile; fileRef = FD18145C15B9D516004ADD09 /* FakedFriendHeadingSource.m */; };
		FD18146115BB50C6004ADD09 /* FakedDeviceHeadingSupplier.m in Sources */ = {isa = PBXBuildFile; fileRef = FD18146015BB50C6004ADD09 /* FakedDeviceHeadingSupplier.m */; };
		FD1BCE79162611430036E3E8 /* SenTestingKit.framework in Frameworks */ = {isa = PBXBuildFile; fileRef = FD31CF8C1570090000905B59 /* SenTestingKit.framework */; };
		FD1BCE7A162611430036E3E8 /* UIKit.framework in Frameworks */ = {isa = PBXBuildFile; fileRef = FD31CF8E1570090000905B59 /* UIKit.framework */; };
		FD1BCE7B162611430036E3E8 /* Foundation.framework in Frameworks */ = {isa = PBXBuildFile; fileRef = FD31CF7E1570090000905B59 /* Foundation.framework */; };
		FD1BCE81162611430036E3E8 /* InfoPlist.strings in Resources */ = {isa = PBXBuildFile; fileRef = FD1BCE7F162611430036E3E8 /* InfoPlist.strings */; };
		FD1BCE8E162611B00036E3E8 /* WebServiceSessionSourceIntegrationTest.m in Sources */ = {isa = PBXBuildFile; fileRef = FD1BCE8D162611B00036E3E8 /* WebServiceSessionSourceIntegrationTest.m */; };
		FD1BCE91162613300036E3E8 /* libfriend-bearing-client-ios-lib.a in Frameworks */ = {isa = PBXBuildFile; fileRef = FD31CF7B1570090000905B59 /* libfriend-bearing-client-ios-lib.a */; };
		FD1BCE93162613700036E3E8 /* TestUtils.m in Sources */ = {isa = PBXBuildFile; fileRef = FD5D883D16260BA2006B8779 /* TestUtils.m */; };
		FD1BCE98162619770036E3E8 /* NSURLConnectionAsyncRequestSender.h in Headers */ = {isa = PBXBuildFile; fileRef = FD1BCE96162619770036E3E8 /* NSURLConnectionAsyncRequestSender.h */; };
		FD1BCE99162619770036E3E8 /* NSURLConnectionAsyncRequestSender.m in Sources */ = {isa = PBXBuildFile; fileRef = FD1BCE97162619770036E3E8 /* NSURLConnectionAsyncRequestSender.m */; };
		FD1BCE9D16261BB90036E3E8 /* StubbedAsyncRequestSender.m in Sources */ = {isa = PBXBuildFile; fileRef = FD1BCE9C16261BB90036E3E8 /* StubbedAsyncRequestSender.m */; };
		FD2C9BE21587FF9B00EF0978 /* FriendLocatorDisplay.h in Headers */ = {isa = PBXBuildFile; fileRef = FD2C9BE11587FF9B00EF0978 /* FriendLocatorDisplay.h */; };
		FD31CF7F1570090000905B59 /* Foundation.framework in Frameworks */ = {isa = PBXBuildFile; fileRef = FD31CF7E1570090000905B59 /* Foundation.framework */; };
		FD31CF8D1570090000905B59 /* SenTestingKit.framework in Frameworks */ = {isa = PBXBuildFile; fileRef = FD31CF8C1570090000905B59 /* SenTestingKit.framework */; };
		FD31CF8F1570090000905B59 /* UIKit.framework in Frameworks */ = {isa = PBXBuildFile; fileRef = FD31CF8E1570090000905B59 /* UIKit.framework */; };
		FD31CF901570090000905B59 /* Foundation.framework in Frameworks */ = {isa = PBXBuildFile; fileRef = FD31CF7E1570090000905B59 /* Foundation.framework */; };
		FD31CF931570090000905B59 /* libfriend-bearing-client-ios-lib.a in Frameworks */ = {isa = PBXBuildFile; fileRef = FD31CF7B1570090000905B59 /* libfriend-bearing-client-ios-lib.a */; };
		FD31CF991570090000905B59 /* InfoPlist.strings in Resources */ = {isa = PBXBuildFile; fileRef = FD31CF971570090000905B59 /* InfoPlist.strings */; };
		FD5D883E16260BA2006B8779 /* TestUtils.m in Sources */ = {isa = PBXBuildFile; fileRef = FD5D883D16260BA2006B8779 /* TestUtils.m */; };
		FD63D37C1587AC7C00308336 /* FriendLocatorPresenter.h in Headers */ = {isa = PBXBuildFile; fileRef = FD63D37A1587AC7C00308336 /* FriendLocatorPresenter.h */; };
		FD63D37D1587AC7C00308336 /* FriendLocatorPresenter.m in Sources */ = {isa = PBXBuildFile; fileRef = FD63D37B1587AC7C00308336 /* FriendLocatorPresenter.m */; };
		FDAE22E715701E34006B3353 /* ChooseFriendPresenter.h in Headers */ = {isa = PBXBuildFile; fileRef = FDAE22E515701E34006B3353 /* ChooseFriendPresenter.h */; };
		FDAE22E815701E34006B3353 /* ChooseFriendPresenter.m in Sources */ = {isa = PBXBuildFile; fileRef = FDAE22E615701E34006B3353 /* ChooseFriendPresenter.m */; };
		FDAE22EA15701E43006B3353 /* ChooseFriendDisplay.h in Headers */ = {isa = PBXBuildFile; fileRef = FDAE22E915701E43006B3353 /* ChooseFriendDisplay.h */; settings = {ATTRIBUTES = (Public, ); }; };
		FDAE22ED157028D6006B3353 /* ChooseFriendPresenterTest.m in Sources */ = {isa = PBXBuildFile; fileRef = FDAE22EC157028D6006B3353 /* ChooseFriendPresenterTest.m */; };
		FDAE22F215702AA2006B3353 /* FakeAsyncSessionSource.m in Sources */ = {isa = PBXBuildFile; fileRef = FDAE22F115702AA2006B3353 /* FakeAsyncSessionSource.m */; };
		FDAE22F515702BBD006B3353 /* Session.h in Headers */ = {isa = PBXBuildFile; fileRef = FDAE22F315702BBD006B3353 /* Session.h */; };
		FDAE22F615702BBD006B3353 /* Session.m in Sources */ = {isa = PBXBuildFile; fileRef = FDAE22F415702BBD006B3353 /* Session.m */; };
		FDAE22F915702CFA006B3353 /* FakeChooseFriendDisplay.m in Sources */ = {isa = PBXBuildFile; fileRef = FDAE22F815702CFA006B3353 /* FakeChooseFriendDisplay.m */; };
		FDBE19EF1590549E007C868C /* FriendLocatorPresenterTest.m in Sources */ = {isa = PBXBuildFile; fileRef = FDBE19EE1590549E007C868C /* FriendLocatorPresenterTest.m */; };
		FDBE19F215905AC8007C868C /* FakedFriendLocatorDisplay.m in Sources */ = {isa = PBXBuildFile; fileRef = FDBE19F115905AC8007C868C /* FakedFriendLocatorDisplay.m */; };
		FDEFA8C0161F03B900FCED39 /* FakeFriendLocatorPresenterFactory.m in Sources */ = {isa = PBXBuildFile; fileRef = FDEFA8BF161F03B900FCED39 /* FakeFriendLocatorPresenterFactory.m */; };
		FDEFA8C7161F094800FCED39 /* FriendLocatorPresenterFactory.h in Headers */ = {isa = PBXBuildFile; fileRef = FDEFA8C5161F094800FCED39 /* FriendLocatorPresenterFactory.h */; };
		FDEFA8C8161F094800FCED39 /* FriendLocatorPresenterFactory.m in Sources */ = {isa = PBXBuildFile; fileRef = FDEFA8C6161F094800FCED39 /* FriendLocatorPresenterFactory.m */; };
		FDEFA8DD161F8F8600FCED39 /* WebServiceSessionSource.h in Headers */ = {isa = PBXBuildFile; fileRef = FDEFA8DB161F8F8600FCED39 /* WebServiceSessionSource.h */; };
		FDEFA8DE161F8F8600FCED39 /* WebServiceSessionSource.m in Sources */ = {isa = PBXBuildFile; fileRef = FDEFA8DC161F8F8600FCED39 /* WebServiceSessionSource.m */; };
		FDEFA8E2161F916D00FCED39 /* WebServiceSessionSourceTest.m in Sources */ = {isa = PBXBuildFile; fileRef = FDEFA8E1161F916D00FCED39 /* WebServiceSessionSourceTest.m */; };
		FDEFA8F0161F974F00FCED39 /* InMemorySessionStorage.h in Headers */ = {isa = PBXBuildFile; fileRef = FDEFA8EE161F974F00FCED39 /* InMemorySessionStorage.h */; };
		FDEFA8F1161F974F00FCED39 /* InMemorySessionStorage.m in Sources */ = {isa = PBXBuildFile; fileRef = FDEFA8EF161F974F00FCED39 /* InMemorySessionStorage.m */; };
/* End PBXBuildFile section */

/* Begin PBXContainerItemProxy section */
		FD1BCE8F162612FB0036E3E8 /* PBXContainerItemProxy */ = {
			isa = PBXContainerItemProxy;
			containerPortal = FD31CF72157008FF00905B59 /* Project object */;
			proxyType = 1;
			remoteGlobalIDString = FD31CF7A1570090000905B59;
			remoteInfo = "friend-bearing-client-ios-lib";
		};
		FD31CF911570090000905B59 /* PBXContainerItemProxy */ = {
			isa = PBXContainerItemProxy;
			containerPortal = FD31CF72157008FF00905B59 /* Project object */;
			proxyType = 1;
			remoteGlobalIDString = FD31CF7A1570090000905B59;
			remoteInfo = "friend-bearing-client-ios-lib";
		};
/* End PBXContainerItemProxy section */

/* Begin PBXFileReference section */
		FD08AB7515AB75CA00B5A2AC /* Compass.h */ = {isa = PBXFileReference; fileEncoding = 4; lastKnownFileType = sourcecode.c.h; path = Compass.h; sourceTree = "<group>"; };
		FD08AB7615AB75CA00B5A2AC /* Compass.m */ = {isa = PBXFileReference; fileEncoding = 4; lastKnownFileType = sourcecode.c.objc; path = Compass.m; sourceTree = "<group>"; };
		FD08AB7915AB75E900B5A2AC /* CompassTest.h */ = {isa = PBXFileReference; fileEncoding = 4; lastKnownFileType = sourcecode.c.h; path = CompassTest.h; sourceTree = "<group>"; };
		FD08AB7A15AB75E900B5A2AC /* CompassTest.m */ = {isa = PBXFileReference; fileEncoding = 4; lastKnownFileType = sourcecode.c.objc; path = CompassTest.m; sourceTree = "<group>"; };
		FD18145815B9D501004ADD09 /* FriendHeadingSource.h */ = {isa = PBXFileReference; fileEncoding = 4; lastKnownFileType = sourcecode.c.h; path = FriendHeadingSource.h; sourceTree = "<group>"; };
		FD18145B15B9D516004ADD09 /* FakedFriendHeadingSource.h */ = {isa = PBXFileReference; fileEncoding = 4; lastKnownFileType = sourcecode.c.h; path = FakedFriendHeadingSource.h; sourceTree = "<group>"; };
		FD18145C15B9D516004ADD09 /* FakedFriendHeadingSource.m */ = {isa = PBXFileReference; fileEncoding = 4; lastKnownFileType = sourcecode.c.objc; path = FakedFriendHeadingSource.m; sourceTree = "<group>"; };
		FD18145E15BB50A5004ADD09 /* DeviceHeadingSupplier.h */ = {isa = PBXFileReference; lastKnownFileType = sourcecode.c.h; path = DeviceHeadingSupplier.h; sourceTree = "<group>"; };
		FD18145F15BB50C6004ADD09 /* FakedDeviceHeadingSupplier.h */ = {isa = PBXFileReference; fileEncoding = 4; lastKnownFileType = sourcecode.c.h; path = FakedDeviceHeadingSupplier.h; sourceTree = "<group>"; };
		FD18146015BB50C6004ADD09 /* FakedDeviceHeadingSupplier.m */ = {isa = PBXFileReference; fileEncoding = 4; lastKnownFileType = sourcecode.c.objc; path = FakedDeviceHeadingSupplier.m; sourceTree = "<group>"; };
		FD18146215BB5114004ADD09 /* DeviceHeadingReceiver.h */ = {isa = PBXFileReference; lastKnownFileType = sourcecode.c.h; path = DeviceHeadingReceiver.h; sourceTree = "<group>"; };
		FD1BCE78162611420036E3E8 /* friend-bearing-client-ios-libIntegrationTests.octest */ = {isa = PBXFileReference; explicitFileType = wrapper.cfbundle; includeInIndex = 0; path = "friend-bearing-client-ios-libIntegrationTests.octest"; sourceTree = BUILT_PRODUCTS_DIR; };
		FD1BCE7E162611430036E3E8 /* friend-bearing-client-ios-libIntegrationTests-Info.plist */ = {isa = PBXFileReference; lastKnownFileType = text.plist.xml; path = "friend-bearing-client-ios-libIntegrationTests-Info.plist"; sourceTree = "<group>"; };
		FD1BCE80162611430036E3E8 /* en */ = {isa = PBXFileReference; lastKnownFileType = text.plist.strings; name = en; path = en.lproj/InfoPlist.strings; sourceTree = "<group>"; };
		FD1BCE85162611430036E3E8 /* friend-bearing-client-ios-libIntegrationTests-Prefix.pch */ = {isa = PBXFileReference; lastKnownFileType = sourcecode.c.h; path = "friend-bearing-client-ios-libIntegrationTests-Prefix.pch"; sourceTree = "<group>"; };
		FD1BCE8C162611B00036E3E8 /* WebServiceSessionSourceIntegrationTest.h */ = {isa = PBXFileReference; fileEncoding = 4; lastKnownFileType = sourcecode.c.h; path = WebServiceSessionSourceIntegrationTest.h; sourceTree = "<group>"; };
		FD1BCE8D162611B00036E3E8 /* WebServiceSessionSourceIntegrationTest.m */ = {isa = PBXFileReference; fileEncoding = 4; lastKnownFileType = sourcecode.c.objc; path = WebServiceSessionSourceIntegrationTest.m; sourceTree = "<group>"; };
		FD1BCE95162619370036E3E8 /* AsyncRequestSender.h */ = {isa = PBXFileReference; lastKnownFileType = sourcecode.c.h; path = AsyncRequestSender.h; sourceTree = "<group>"; };
		FD1BCE96162619770036E3E8 /* NSURLConnectionAsyncRequestSender.h */ = {isa = PBXFileReference; fileEncoding = 4; lastKnownFileType = sourcecode.c.h; path = NSURLConnectionAsyncRequestSender.h; sourceTree = "<group>"; };
		FD1BCE97162619770036E3E8 /* NSURLConnectionAsyncRequestSender.m */ = {isa = PBXFileReference; fileEncoding = 4; lastKnownFileType = sourcecode.c.objc; path = NSURLConnectionAsyncRequestSender.m; sourceTree = "<group>"; };
		FD1BCE9B16261BB90036E3E8 /* StubbedAsyncRequestSender.h */ = {isa = PBXFileReference; fileEncoding = 4; lastKnownFileType = sourcecode.c.h; path = StubbedAsyncRequestSender.h; sourceTree = "<group>"; };
		FD1BCE9C16261BB90036E3E8 /* StubbedAsyncRequestSender.m */ = {isa = PBXFileReference; fileEncoding = 4; lastKnownFileType = sourcecode.c.objc; path = StubbedAsyncRequestSender.m; sourceTree = "<group>"; };
		FD2C9BE11587FF9B00EF0978 /* FriendLocatorDisplay.h */ = {isa = PBXFileReference; fileEncoding = 4; lastKnownFileType = sourcecode.c.h; path = FriendLocatorDisplay.h; sourceTree = "<group>"; };
		FD31CF7B1570090000905B59 /* libfriend-bearing-client-ios-lib.a */ = {isa = PBXFileReference; explicitFileType = archive.ar; includeInIndex = 0; path = "libfriend-bearing-client-ios-lib.a"; sourceTree = BUILT_PRODUCTS_DIR; };
		FD31CF7E1570090000905B59 /* Foundation.framework */ = {isa = PBXFileReference; lastKnownFileType = wrapper.framework; name = Foundation.framework; path = System/Library/Frameworks/Foundation.framework; sourceTree = SDKROOT; };
		FD31CF821570090000905B59 /* friend-bearing-client-ios-lib-Prefix.pch */ = {isa = PBXFileReference; lastKnownFileType = sourcecode.c.h; path = "friend-bearing-client-ios-lib-Prefix.pch"; sourceTree = "<group>"; };
		FD31CF8B1570090000905B59 /* friend-bearing-client-ios-libTests.octest */ = {isa = PBXFileReference; explicitFileType = wrapper.cfbundle; includeInIndex = 0; path = "friend-bearing-client-ios-libTests.octest"; sourceTree = BUILT_PRODUCTS_DIR; };
		FD31CF8C1570090000905B59 /* SenTestingKit.framework */ = {isa = PBXFileReference; lastKnownFileType = wrapper.framework; name = SenTestingKit.framework; path = Library/Frameworks/SenTestingKit.framework; sourceTree = DEVELOPER_DIR; };
		FD31CF8E1570090000905B59 /* UIKit.framework */ = {isa = PBXFileReference; lastKnownFileType = wrapper.framework; name = UIKit.framework; path = Library/Frameworks/UIKit.framework; sourceTree = DEVELOPER_DIR; };
		FD31CF961570090000905B59 /* friend-bearing-client-ios-libTests-Info.plist */ = {isa = PBXFileReference; lastKnownFileType = text.plist.xml; path = "friend-bearing-client-ios-libTests-Info.plist"; sourceTree = "<group>"; };
		FD31CF981570090000905B59 /* en */ = {isa = PBXFileReference; lastKnownFileType = text.plist.strings; name = en; path = en.lproj/InfoPlist.strings; sourceTree = "<group>"; };
		FD5D883C16260BA2006B8779 /* TestUtils.h */ = {isa = PBXFileReference; fileEncoding = 4; lastKnownFileType = sourcecode.c.h; path = TestUtils.h; sourceTree = "<group>"; };
		FD5D883D16260BA2006B8779 /* TestUtils.m */ = {isa = PBXFileReference; fileEncoding = 4; lastKnownFileType = sourcecode.c.objc; path = TestUtils.m; sourceTree = "<group>"; };
		FD63D37A1587AC7C00308336 /* FriendLocatorPresenter.h */ = {isa = PBXFileReference; fileEncoding = 4; lastKnownFileType = sourcecode.c.h; path = FriendLocatorPresenter.h; sourceTree = "<group>"; };
		FD63D37B1587AC7C00308336 /* FriendLocatorPresenter.m */ = {isa = PBXFileReference; fileEncoding = 4; lastKnownFileType = sourcecode.c.objc; path = FriendLocatorPresenter.m; sourceTree = "<group>"; };
		FDAE22E515701E34006B3353 /* ChooseFriendPresenter.h */ = {isa = PBXFileReference; fileEncoding = 4; lastKnownFileType = sourcecode.c.h; path = ChooseFriendPresenter.h; sourceTree = "<group>"; };
		FDAE22E615701E34006B3353 /* ChooseFriendPresenter.m */ = {isa = PBXFileReference; fileEncoding = 4; lastKnownFileType = sourcecode.c.objc; path = ChooseFriendPresenter.m; sourceTree = "<group>"; };
		FDAE22E915701E43006B3353 /* ChooseFriendDisplay.h */ = {isa = PBXFileReference; fileEncoding = 4; lastKnownFileType = sourcecode.c.h; path = ChooseFriendDisplay.h; sourceTree = "<group>"; };
		FDAE22EB157028D6006B3353 /* ChooseFriendPresenterTest.h */ = {isa = PBXFileReference; fileEncoding = 4; lastKnownFileType = sourcecode.c.h; path = ChooseFriendPresenterTest.h; sourceTree = "<group>"; };
		FDAE22EC157028D6006B3353 /* ChooseFriendPresenterTest.m */ = {isa = PBXFileReference; fileEncoding = 4; lastKnownFileType = sourcecode.c.objc; path = ChooseFriendPresenterTest.m; sourceTree = "<group>"; };
		FDAE22EE15702A5D006B3353 /* SessionSource.h */ = {isa = PBXFileReference; lastKnownFileType = sourcecode.c.h; path = SessionSource.h; sourceTree = "<group>"; };
		FDAE22F015702AA2006B3353 /* FakeAsyncSessionSource.h */ = {isa = PBXFileReference; fileEncoding = 4; lastKnownFileType = sourcecode.c.h; path = FakeAsyncSessionSource.h; sourceTree = "<group>"; };
		FDAE22F115702AA2006B3353 /* FakeAsyncSessionSource.m */ = {isa = PBXFileReference; fileEncoding = 4; lastKnownFileType = sourcecode.c.objc; path = FakeAsyncSessionSource.m; sourceTree = "<group>"; };
		FDAE22F315702BBD006B3353 /* Session.h */ = {isa = PBXFileReference; fileEncoding = 4; lastKnownFileType = sourcecode.c.h; path = Session.h; sourceTree = "<group>"; };
		FDAE22F415702BBD006B3353 /* Session.m */ = {isa = PBXFileReference; fileEncoding = 4; lastKnownFileType = sourcecode.c.objc; path = Session.m; sourceTree = "<group>"; };
		FDAE22F715702CFA006B3353 /* FakeChooseFriendDisplay.h */ = {isa = PBXFileReference; fileEncoding = 4; lastKnownFileType = sourcecode.c.h; path = FakeChooseFriendDisplay.h; sourceTree = "<group>"; };
		FDAE22F815702CFA006B3353 /* FakeChooseFriendDisplay.m */ = {isa = PBXFileReference; fileEncoding = 4; lastKnownFileType = sourcecode.c.objc; path = FakeChooseFriendDisplay.m; sourceTree = "<group>"; };
		FDBE19ED1590549E007C868C /* FriendLocatorPresenterTest.h */ = {isa = PBXFileReference; fileEncoding = 4; lastKnownFileType = sourcecode.c.h; path = FriendLocatorPresenterTest.h; sourceTree = "<group>"; };
		FDBE19EE1590549E007C868C /* FriendLocatorPresenterTest.m */ = {isa = PBXFileReference; fileEncoding = 4; lastKnownFileType = sourcecode.c.objc; path = FriendLocatorPresenterTest.m; sourceTree = "<group>"; };
		FDBE19F015905AC8007C868C /* FakedFriendLocatorDisplay.h */ = {isa = PBXFileReference; fileEncoding = 4; lastKnownFileType = sourcecode.c.h; path = FakedFriendLocatorDisplay.h; sourceTree = "<group>"; };
		FDBE19F115905AC8007C868C /* FakedFriendLocatorDisplay.m */ = {isa = PBXFileReference; fileEncoding = 4; lastKnownFileType = sourcecode.c.objc; path = FakedFriendLocatorDisplay.m; sourceTree = "<group>"; };
		FDEFA8BE161F03B900FCED39 /* FakeFriendLocatorPresenterFactory.h */ = {isa = PBXFileReference; fileEncoding = 4; lastKnownFileType = sourcecode.c.h; path = FakeFriendLocatorPresenterFactory.h; sourceTree = "<group>"; };
		FDEFA8BF161F03B900FCED39 /* FakeFriendLocatorPresenterFactory.m */ = {isa = PBXFileReference; fileEncoding = 4; lastKnownFileType = sourcecode.c.objc; path = FakeFriendLocatorPresenterFactory.m; sourceTree = "<group>"; };
		FDEFA8C5161F094800FCED39 /* FriendLocatorPresenterFactory.h */ = {isa = PBXFileReference; fileEncoding = 4; lastKnownFileType = sourcecode.c.h; path = FriendLocatorPresenterFactory.h; sourceTree = "<group>"; };
		FDEFA8C6161F094800FCED39 /* FriendLocatorPresenterFactory.m */ = {isa = PBXFileReference; fileEncoding = 4; lastKnownFileType = sourcecode.c.objc; path = FriendLocatorPresenterFactory.m; sourceTree = "<group>"; };
		FDEFA8DB161F8F8600FCED39 /* WebServiceSessionSource.h */ = {isa = PBXFileReference; fileEncoding = 4; lastKnownFileType = sourcecode.c.h; path = WebServiceSessionSource.h; sourceTree = "<group>"; };
		FDEFA8DC161F8F8600FCED39 /* WebServiceSessionSource.m */ = {isa = PBXFileReference; fileEncoding = 4; lastKnownFileType = sourcecode.c.objc; path = WebServiceSessionSource.m; sourceTree = "<group>"; };
		FDEFA8E0161F916D00FCED39 /* WebServiceSessionSourceTest.h */ = {isa = PBXFileReference; fileEncoding = 4; lastKnownFileType = sourcecode.c.h; path = WebServiceSessionSourceTest.h; sourceTree = "<group>"; };
		FDEFA8E1161F916D00FCED39 /* WebServiceSessionSourceTest.m */ = {isa = PBXFileReference; fileEncoding = 4; lastKnownFileType = sourcecode.c.objc; path = WebServiceSessionSourceTest.m; sourceTree = "<group>"; };
		FDEFA8E3161F947E00FCED39 /* SessionStorage.h */ = {isa = PBXFileReference; lastKnownFileType = sourcecode.c.h; path = SessionStorage.h; sourceTree = "<group>"; };
		FDEFA8EE161F974F00FCED39 /* InMemorySessionStorage.h */ = {isa = PBXFileReference; fileEncoding = 4; lastKnownFileType = sourcecode.c.h; path = InMemorySessionStorage.h; sourceTree = "<group>"; };
		FDEFA8EF161F974F00FCED39 /* InMemorySessionStorage.m */ = {isa = PBXFileReference; fileEncoding = 4; lastKnownFileType = sourcecode.c.objc; path = InMemorySessionStorage.m; sourceTree = "<group>"; };
/* End PBXFileReference section */

/* Begin PBXFrameworksBuildPhase section */
		FD1BCE74162611420036E3E8 /* Frameworks */ = {
			isa = PBXFrameworksBuildPhase;
			buildActionMask = 2147483647;
			files = (
				FD1BCE91162613300036E3E8 /* libfriend-bearing-client-ios-lib.a in Frameworks */,
				FD1BCE79162611430036E3E8 /* SenTestingKit.framework in Frameworks */,
				FD1BCE7A162611430036E3E8 /* UIKit.framework in Frameworks */,
				FD1BCE7B162611430036E3E8 /* Foundation.framework in Frameworks */,
			);
			runOnlyForDeploymentPostprocessing = 0;
		};
		FD31CF781570090000905B59 /* Frameworks */ = {
			isa = PBXFrameworksBuildPhase;
			buildActionMask = 2147483647;
			files = (
				FD31CF7F1570090000905B59 /* Foundation.framework in Frameworks */,
			);
			runOnlyForDeploymentPostprocessing = 0;
		};
		FD31CF871570090000905B59 /* Frameworks */ = {
			isa = PBXFrameworksBuildPhase;
			buildActionMask = 2147483647;
			files = (
				FD31CF8D1570090000905B59 /* SenTestingKit.framework in Frameworks */,
				FD31CF8F1570090000905B59 /* UIKit.framework in Frameworks */,
				FD31CF901570090000905B59 /* Foundation.framework in Frameworks */,
				FD31CF931570090000905B59 /* libfriend-bearing-client-ios-lib.a in Frameworks */,
			);
			runOnlyForDeploymentPostprocessing = 0;
		};
/* End PBXFrameworksBuildPhase section */

/* Begin PBXGroup section */
		FD08AB6C15AB752D00B5A2AC /* Models */ = {
			isa = PBXGroup;
			children = (
				FD08AB7915AB75E900B5A2AC /* CompassTest.h */,
				FD08AB7A15AB75E900B5A2AC /* CompassTest.m */,
			);
			name = Models;
			sourceTree = "<group>";
		};
		FD1BCE7C162611430036E3E8 /* friend-bearing-client-ios-libIntegrationTests */ = {
			isa = PBXGroup;
			children = (
				FD1BCE8A162611720036E3E8 /* Services */,
				FD1BCE7D162611430036E3E8 /* Supporting Files */,
			);
			path = "friend-bearing-client-ios-libIntegrationTests";
			sourceTree = "<group>";
		};
		FD1BCE7D162611430036E3E8 /* Supporting Files */ = {
			isa = PBXGroup;
			children = (
				FD1BCE7E162611430036E3E8 /* friend-bearing-client-ios-libIntegrationTests-Info.plist */,
				FD1BCE7F162611430036E3E8 /* InfoPlist.strings */,
				FD1BCE85162611430036E3E8 /* friend-bearing-client-ios-libIntegrationTests-Prefix.pch */,
			);
			name = "Supporting Files";
			sourceTree = "<group>";
		};
		FD1BCE8A162611720036E3E8 /* Services */ = {
			isa = PBXGroup;
			children = (
				FD1BCE8B1626117B0036E3E8 /* Session */,
			);
			name = Services;
			sourceTree = "<group>";
		};
		FD1BCE8B1626117B0036E3E8 /* Session */ = {
			isa = PBXGroup;
			children = (
				FD1BCE8C162611B00036E3E8 /* WebServiceSessionSourceIntegrationTest.h */,
				FD1BCE8D162611B00036E3E8 /* WebServiceSessionSourceIntegrationTest.m */,
				FD1BCE9A16261B490036E3E8 /* Test Doubles */,
			);
			name = Session;
			sourceTree = "<group>";
		};
		FD1BCE941626191C0036E3E8 /* Networking */ = {
			isa = PBXGroup;
			children = (
				FD1BCE95162619370036E3E8 /* AsyncRequestSender.h */,
				FD1BCE96162619770036E3E8 /* NSURLConnectionAsyncRequestSender.h */,
				FD1BCE97162619770036E3E8 /* NSURLConnectionAsyncRequestSender.m */,
			);
			name = Networking;
			sourceTree = "<group>";
		};
		FD1BCE9A16261B490036E3E8 /* Test Doubles */ = {
			isa = PBXGroup;
			children = (
				FD1BCE9B16261BB90036E3E8 /* StubbedAsyncRequestSender.h */,
				FD1BCE9C16261BB90036E3E8 /* StubbedAsyncRequestSender.m */,
			);
			name = "Test Doubles";
			sourceTree = "<group>";
		};
		FD31CF70157008FF00905B59 = {
			isa = PBXGroup;
			children = (
				FD31CF801570090000905B59 /* friend-bearing-client-ios-lib */,
				FD31CF941570090000905B59 /* friend-bearing-client-ios-libTests */,
				FD1BCE7C162611430036E3E8 /* friend-bearing-client-ios-libIntegrationTests */,
				FD31CF7D1570090000905B59 /* Frameworks */,
				FD31CF7C1570090000905B59 /* Products */,
			);
			sourceTree = "<group>";
		};
		FD31CF7C1570090000905B59 /* Products */ = {
			isa = PBXGroup;
			children = (
				FD31CF7B1570090000905B59 /* libfriend-bearing-client-ios-lib.a */,
				FD31CF8B1570090000905B59 /* friend-bearing-client-ios-libTests.octest */,
				FD1BCE78162611420036E3E8 /* friend-bearing-client-ios-libIntegrationTests.octest */,
			);
			name = Products;
			sourceTree = "<group>";
		};
		FD31CF7D1570090000905B59 /* Frameworks */ = {
			isa = PBXGroup;
			children = (
				FD31CF7E1570090000905B59 /* Foundation.framework */,
				FD31CF8C1570090000905B59 /* SenTestingKit.framework */,
				FD31CF8E1570090000905B59 /* UIKit.framework */,
			);
			name = Frameworks;
			sourceTree = "<group>";
		};
		FD31CF801570090000905B59 /* friend-bearing-client-ios-lib */ = {
			isa = PBXGroup;
			children = (
				FD31CFF115700C4600905B59 /* Use Cases */,
				FD31D0011570107600905B59 /* Models */,
				FD31CFFE1570103700905B59 /* Services */,
				FDEFA8C9161F097100FCED39 /* Factories */,
				FD31CF811570090000905B59 /* Supporting Files */,
			);
			path = "friend-bearing-client-ios-lib";
			sourceTree = "<group>";
		};
		FD31CF811570090000905B59 /* Supporting Files */ = {
			isa = PBXGroup;
			children = (
				FD31CF821570090000905B59 /* friend-bearing-client-ios-lib-Prefix.pch */,
			);
			name = "Supporting Files";
			sourceTree = "<group>";
		};
		FD31CF941570090000905B59 /* friend-bearing-client-ios-libTests */ = {
			isa = PBXGroup;
			children = (
				FD31CFF215700C4C00905B59 /* Use Cases */,
				FD08AB6C15AB752D00B5A2AC /* Models */,
				FDEFA8DF161F914C00FCED39 /* Services */,
				FD31CF951570090000905B59 /* Supporting Files */,
			);
			path = "friend-bearing-client-ios-libTests";
			sourceTree = "<group>";
		};
		FD31CF951570090000905B59 /* Supporting Files */ = {
			isa = PBXGroup;
			children = (
				FD5D883C16260BA2006B8779 /* TestUtils.h */,
				FD5D883D16260BA2006B8779 /* TestUtils.m */,
				FD31CF961570090000905B59 /* friend-bearing-client-ios-libTests-Info.plist */,
				FD31CF971570090000905B59 /* InfoPlist.strings */,
			);
			name = "Supporting Files";
			sourceTree = "<group>";
		};
		FD31CFF115700C4600905B59 /* Use Cases */ = {
			isa = PBXGroup;
			children = (
				FD31D00B15701AC700905B59 /* Choose Friend */,
				FD63D3791587AC6400308336 /* Friend Locator */,
			);
			name = "Use Cases";
			sourceTree = "<group>";
		};
		FD31CFF215700C4C00905B59 /* Use Cases */ = {
			isa = PBXGroup;
			children = (
				FD31D00C15701AD900905B59 /* Choose Friend */,
				FDBE19EB15905478007C868C /* Friend Locator */,
			);
			name = "Use Cases";
			sourceTree = "<group>";
		};
		FD31CFFE1570103700905B59 /* Services */ = {
			isa = PBXGroup;
			children = (
				FD1BCE941626191C0036E3E8 /* Networking */,
				FDEFA8E4161F94F300FCED39 /* Session */,
				FD18145815B9D501004ADD09 /* FriendHeadingSource.h */,
				FD18145E15BB50A5004ADD09 /* DeviceHeadingSupplier.h */,
				FD18146215BB5114004ADD09 /* DeviceHeadingReceiver.h */,
			);
			name = Services;
			sourceTree = "<group>";
		};
		FD31D0011570107600905B59 /* Models */ = {
			isa = PBXGroup;
			children = (
				FDAE22F315702BBD006B3353 /* Session.h */,
				FDAE22F415702BBD006B3353 /* Session.m */,
				FD08AB7515AB75CA00B5A2AC /* Compass.h */,
				FD08AB7615AB75CA00B5A2AC /* Compass.m */,
			);
			name = Models;
			sourceTree = "<group>";
		};
		FD31D00B15701AC700905B59 /* Choose Friend */ = {
			isa = PBXGroup;
			children = (
				FDAE22E515701E34006B3353 /* ChooseFriendPresenter.h */,
				FDAE22E615701E34006B3353 /* ChooseFriendPresenter.m */,
				FDAE22E915701E43006B3353 /* ChooseFriendDisplay.h */,
			);
			name = "Choose Friend";
			sourceTree = "<group>";
		};
		FD31D00C15701AD900905B59 /* Choose Friend */ = {
			isa = PBXGroup;
			children = (
				FDAE22EB157028D6006B3353 /* ChooseFriendPresenterTest.h */,
				FDAE22EC157028D6006B3353 /* ChooseFriendPresenterTest.m */,
				FDB86F4915D722BE00668922 /* Fakes */,
			);
			name = "Choose Friend";
			sourceTree = "<group>";
		};
		FD63D3791587AC6400308336 /* Friend Locator */ = {
			isa = PBXGroup;
			children = (
				FD63D37A1587AC7C00308336 /* FriendLocatorPresenter.h */,
				FD63D37B1587AC7C00308336 /* FriendLocatorPresenter.m */,
				FD2C9BE11587FF9B00EF0978 /* FriendLocatorDisplay.h */,
			);
			name = "Friend Locator";
			sourceTree = "<group>";
		};
		FDB86F4715D722B600668922 /* Fakes */ = {
			isa = PBXGroup;
			children = (
				FDBE19F015905AC8007C868C /* FakedFriendLocatorDisplay.h */,
				FDBE19F115905AC8007C868C /* FakedFriendLocatorDisplay.m */,
				FD18145B15B9D516004ADD09 /* FakedFriendHeadingSource.h */,
				FD18145C15B9D516004ADD09 /* FakedFriendHeadingSource.m */,
				FD18145F15BB50C6004ADD09 /* FakedDeviceHeadingSupplier.h */,
				FD18146015BB50C6004ADD09 /* FakedDeviceHeadingSupplier.m */,
			);
			name = Fakes;
			sourceTree = "<group>";
		};
		FDB86F4915D722BE00668922 /* Fakes */ = {
			isa = PBXGroup;
			children = (
				FDAE22F015702AA2006B3353 /* FakeAsyncSessionSource.h */,
				FDAE22F115702AA2006B3353 /* FakeAsyncSessionSource.m */,
				FDAE22F715702CFA006B3353 /* FakeChooseFriendDisplay.h */,
				FDAE22F815702CFA006B3353 /* FakeChooseFriendDisplay.m */,
				FDEFA8BE161F03B900FCED39 /* FakeFriendLocatorPresenterFactory.h */,
				FDEFA8BF161F03B900FCED39 /* FakeFriendLocatorPresenterFactory.m */,
			);
			name = Fakes;
			sourceTree = "<group>";
		};
		FDBE19EB15905478007C868C /* Friend Locator */ = {
			isa = PBXGroup;
			children = (
				FDBE19ED1590549E007C868C /* FriendLocatorPresenterTest.h */,
				FDBE19EE1590549E007C868C /* FriendLocatorPresenterTest.m */,
				FDB86F4715D722B600668922 /* Fakes */,
			);
			name = "Friend Locator";
			sourceTree = "<group>";
		};
		FDEFA8C9161F097100FCED39 /* Factories */ = {
			isa = PBXGroup;
			children = (
				FDEFA8C5161F094800FCED39 /* FriendLocatorPresenterFactory.h */,
				FDEFA8C6161F094800FCED39 /* FriendLocatorPresenterFactory.m */,
			);
			name = Factories;
			sourceTree = "<group>";
		};
		FDEFA8DF161F914C00FCED39 /* Services */ = {
			isa = PBXGroup;
			children = (
				FDEFA8E5161F94FE00FCED39 /* Session */,
			);
			name = Services;
			sourceTree = "<group>";
		};
		FDEFA8E4161F94F300FCED39 /* Session */ = {
			isa = PBXGroup;
			children = (
				FDAE22EE15702A5D006B3353 /* SessionSource.h */,
				FDEFA8DB161F8F8600FCED39 /* WebServiceSessionSource.h */,
				FDEFA8DC161F8F8600FCED39 /* WebServiceSessionSource.m */,
				FDEFA8ED161F973700FCED39 /* Storage */,
			);
			name = Session;
			sourceTree = "<group>";
		};
		FDEFA8E5161F94FE00FCED39 /* Session */ = {
			isa = PBXGroup;
			children = (
				FDEFA8E0161F916D00FCED39 /* WebServiceSessionSourceTest.h */,
				FDEFA8E1161F916D00FCED39 /* WebServiceSessionSourceTest.m */,
			);
			name = Session;
			sourceTree = "<group>";
		};
		FDEFA8ED161F973700FCED39 /* Storage */ = {
			isa = PBXGroup;
			children = (
				FDEFA8E3161F947E00FCED39 /* SessionStorage.h */,
				FDEFA8EE161F974F00FCED39 /* InMemorySessionStorage.h */,
				FDEFA8EF161F974F00FCED39 /* InMemorySessionStorage.m */,
			);
			name = Storage;
			sourceTree = "<group>";
		};
/* End PBXGroup section */

/* Begin PBXHeadersBuildPhase section */
		FD31CF791570090000905B59 /* Headers */ = {
			isa = PBXHeadersBuildPhase;
			buildActionMask = 2147483647;
			files = (
				FDAE22E715701E34006B3353 /* ChooseFriendPresenter.h in Headers */,
				FDAE22EA15701E43006B3353 /* ChooseFriendDisplay.h in Headers */,
				FDAE22F515702BBD006B3353 /* Session.h in Headers */,
				FD63D37C1587AC7C00308336 /* FriendLocatorPresenter.h in Headers */,
				FD2C9BE21587FF9B00EF0978 /* FriendLocatorDisplay.h in Headers */,
				FD08AB7715AB75CA00B5A2AC /* Compass.h in Headers */,
				FD18145915B9D501004ADD09 /* FriendHeadingSource.h in Headers */,
				FDEFA8C7161F094800FCED39 /* FriendLocatorPresenterFactory.h in Headers */,
				FDEFA8DD161F8F8600FCED39 /* WebServiceSessionSource.h in Headers */,
				FDEFA8F0161F974F00FCED39 /* InMemorySessionStorage.h in Headers */,
				FD1BCE98162619770036E3E8 /* NSURLConnectionAsyncRequestSender.h in Headers */,
			);
			runOnlyForDeploymentPostprocessing = 0;
		};
/* End PBXHeadersBuildPhase section */

/* Begin PBXNativeTarget section */
		FD1BCE77162611420036E3E8 /* friend-bearing-client-ios-libIntegrationTests */ = {
			isa = PBXNativeTarget;
			buildConfigurationList = FD1BCE88162611430036E3E8 /* Build configuration list for PBXNativeTarget "friend-bearing-client-ios-libIntegrationTests" */;
			buildPhases = (
				FD1BCE73162611420036E3E8 /* Sources */,
				FD1BCE74162611420036E3E8 /* Frameworks */,
				FD1BCE75162611420036E3E8 /* Resources */,
				FD1BCE76162611420036E3E8 /* ShellScript */,
			);
			buildRules = (
			);
			dependencies = (
				FD1BCE90162612FB0036E3E8 /* PBXTargetDependency */,
			);
			name = "friend-bearing-client-ios-libIntegrationTests";
			productName = "friend-bearing-client-ios-libIntegrationTests";
			productReference = FD1BCE78162611420036E3E8 /* friend-bearing-client-ios-libIntegrationTests.octest */;
			productType = "com.apple.product-type.bundle";
		};
		FD31CF7A1570090000905B59 /* friend-bearing-client-ios-lib */ = {
			isa = PBXNativeTarget;
			buildConfigurationList = FD31CF9F1570090000905B59 /* Build configuration list for PBXNativeTarget "friend-bearing-client-ios-lib" */;
			buildPhases = (
				FD31CF771570090000905B59 /* Sources */,
				FD31CF781570090000905B59 /* Frameworks */,
				FD31CF791570090000905B59 /* Headers */,
			);
			buildRules = (
			);
			dependencies = (
			);
			name = "friend-bearing-client-ios-lib";
			productName = "friend-bearing-client-ios-lib";
			productReference = FD31CF7B1570090000905B59 /* libfriend-bearing-client-ios-lib.a */;
			productType = "com.apple.product-type.library.static";
		};
		FD31CF8A1570090000905B59 /* friend-bearing-client-ios-libTests */ = {
			isa = PBXNativeTarget;
			buildConfigurationList = FD31CFA21570090000905B59 /* Build configuration list for PBXNativeTarget "friend-bearing-client-ios-libTests" */;
			buildPhases = (
				FD31CF861570090000905B59 /* Sources */,
				FD31CF871570090000905B59 /* Frameworks */,
				FD31CF881570090000905B59 /* Resources */,
				FD31CF891570090000905B59 /* ShellScript */,
			);
			buildRules = (
			);
			dependencies = (
				FD31CF921570090000905B59 /* PBXTargetDependency */,
			);
			name = "friend-bearing-client-ios-libTests";
			productName = "friend-bearing-client-ios-libTests";
			productReference = FD31CF8B1570090000905B59 /* friend-bearing-client-ios-libTests.octest */;
			productType = "com.apple.product-type.bundle";
		};
/* End PBXNativeTarget section */

/* Begin PBXProject section */
		FD31CF72157008FF00905B59 /* Project object */ = {
			isa = PBXProject;
			attributes = {
				LastUpgradeCheck = 0430;
				ORGANIZATIONNAME = "Simon Lundmark";
			};
			buildConfigurationList = FD31CF75157008FF00905B59 /* Build configuration list for PBXProject "friend-bearing-client-ios-lib" */;
			compatibilityVersion = "Xcode 3.2";
			developmentRegion = English;
			hasScannedForEncodings = 0;
			knownRegions = (
				en,
			);
			mainGroup = FD31CF70157008FF00905B59;
			productRefGroup = FD31CF7C1570090000905B59 /* Products */;
			projectDirPath = "";
			projectRoot = "";
			targets = (
				FD31CF7A1570090000905B59 /* friend-bearing-client-ios-lib */,
				FD31CF8A1570090000905B59 /* friend-bearing-client-ios-libTests */,
				FD1BCE77162611420036E3E8 /* friend-bearing-client-ios-libIntegrationTests */,
			);
		};
/* End PBXProject section */

/* Begin PBXResourcesBuildPhase section */
		FD1BCE75162611420036E3E8 /* Resources */ = {
			isa = PBXResourcesBuildPhase;
			buildActionMask = 2147483647;
			files = (
				FD1BCE81162611430036E3E8 /* InfoPlist.strings in Resources */,
			);
			runOnlyForDeploymentPostprocessing = 0;
		};
		FD31CF881570090000905B59 /* Resources */ = {
			isa = PBXResourcesBuildPhase;
			buildActionMask = 2147483647;
			files = (
				FD31CF991570090000905B59 /* InfoPlist.strings in Resources */,
			);
			runOnlyForDeploymentPostprocessing = 0;
		};
/* End PBXResourcesBuildPhase section */

/* Begin PBXShellScriptBuildPhase section */
		FD1BCE76162611420036E3E8 /* ShellScript */ = {
			isa = PBXShellScriptBuildPhase;
			buildActionMask = 2147483647;
			files = (
			);
			inputPaths = (
			);
			outputPaths = (
			);
			runOnlyForDeploymentPostprocessing = 0;
			shellPath = /bin/sh;
			shellScript = "# Run the unit tests in this test bundle.\n\"${SYSTEM_DEVELOPER_DIR}/Tools/RunUnitTests\"\n";
		};
		FD31CF891570090000905B59 /* ShellScript */ = {
			isa = PBXShellScriptBuildPhase;
			buildActionMask = 2147483647;
			files = (
			);
			inputPaths = (
			);
			outputPaths = (
			);
			runOnlyForDeploymentPostprocessing = 0;
			shellPath = /bin/sh;
			shellScript = "# Run the unit tests in this test bundle.\n\"${SYSTEM_DEVELOPER_DIR}/Tools/RunUnitTests\"\n";
		};
/* End PBXShellScriptBuildPhase section */

/* Begin PBXSourcesBuildPhase section */
		FD1BCE73162611420036E3E8 /* Sources */ = {
			isa = PBXSourcesBuildPhase;
			buildActionMask = 2147483647;
			files = (
				FD1BCE8E162611B00036E3E8 /* WebServiceSessionSourceIntegrationTest.m in Sources */,
				FD1BCE93162613700036E3E8 /* TestUtils.m in Sources */,
				FD1BCE9D16261BB90036E3E8 /* StubbedAsyncRequestSender.m in Sources */,
			);
			runOnlyForDeploymentPostprocessing = 0;
		};
		FD31CF771570090000905B59 /* Sources */ = {
			isa = PBXSourcesBuildPhase;
			buildActionMask = 2147483647;
			files = (
				FDAE22E815701E34006B3353 /* ChooseFriendPresenter.m in Sources */,
				FDAE22F615702BBD006B3353 /* Session.m in Sources */,
				FD63D37D1587AC7C00308336 /* FriendLocatorPresenter.m in Sources */,
				FD08AB7815AB75CA00B5A2AC /* Compass.m in Sources */,
				FDEFA8C8161F094800FCED39 /* FriendLocatorPresenterFactory.m in Sources */,
				FDEFA8DE161F8F8600FCED39 /* WebServiceSessionSource.m in Sources */,
				FDEFA8F1161F974F00FCED39 /* InMemorySessionStorage.m in Sources */,
				FD1BCE99162619770036E3E8 /* NSURLConnectionAsyncRequestSender.m in Sources */,
			);
			runOnlyForDeploymentPostprocessing = 0;
		};
		FD31CF861570090000905B59 /* Sources */ = {
			isa = PBXSourcesBuildPhase;
			buildActionMask = 2147483647;
			files = (
				FDAE22ED157028D6006B3353 /* ChooseFriendPresenterTest.m in Sources */,
				FDAE22F215702AA2006B3353 /* FakeAsyncSessionSource.m in Sources */,
				FDAE22F915702CFA006B3353 /* FakeChooseFriendDisplay.m in Sources */,
				FDBE19EF1590549E007C868C /* FriendLocatorPresenterTest.m in Sources */,
				FDBE19F215905AC8007C868C /* FakedFriendLocatorDisplay.m in Sources */,
				FD08AB7B15AB75E900B5A2AC /* CompassTest.m in Sources */,
				FD18145D15B9D516004ADD09 /* FakedFriendHeadingSource.m in Sources */,
				FD18146115BB50C6004ADD09 /* FakedDeviceHeadingSupplier.m in Sources */,
				FDEFA8C0161F03B900FCED39 /* FakeFriendLocatorPresenterFactory.m in Sources */,
				FDEFA8E2161F916D00FCED39 /* WebServiceSessionSourceTest.m in Sources */,
				FD5D883E16260BA2006B8779 /* TestUtils.m in Sources */,
			);
			runOnlyForDeploymentPostprocessing = 0;
		};
/* End PBXSourcesBuildPhase section */

/* Begin PBXTargetDependency section */
		FD1BCE90162612FB0036E3E8 /* PBXTargetDependency */ = {
			isa = PBXTargetDependency;
			target = FD31CF7A1570090000905B59 /* friend-bearing-client-ios-lib */;
			targetProxy = FD1BCE8F162612FB0036E3E8 /* PBXContainerItemProxy */;
		};
		FD31CF921570090000905B59 /* PBXTargetDependency */ = {
			isa = PBXTargetDependency;
			target = FD31CF7A1570090000905B59 /* friend-bearing-client-ios-lib */;
			targetProxy = FD31CF911570090000905B59 /* PBXContainerItemProxy */;
		};
/* End PBXTargetDependency section */

/* Begin PBXVariantGroup section */
		FD1BCE7F162611430036E3E8 /* InfoPlist.strings */ = {
			isa = PBXVariantGroup;
			children = (
				FD1BCE80162611430036E3E8 /* en */,
			);
			name = InfoPlist.strings;
			sourceTree = "<group>";
		};
		FD31CF971570090000905B59 /* InfoPlist.strings */ = {
			isa = PBXVariantGroup;
			children = (
				FD31CF981570090000905B59 /* en */,
			);
			name = InfoPlist.strings;
			sourceTree = "<group>";
		};
/* End PBXVariantGroup section */

/* Begin XCBuildConfiguration section */
		FD1BCE86162611430036E3E8 /* Debug */ = {
			isa = XCBuildConfiguration;
			buildSettings = {
				CLANG_CXX_LANGUAGE_STANDARD = "gnu++0x";
				CLANG_CXX_LIBRARY = "libc++";
				CLANG_WARN_EMPTY_BODY = YES;
				CLANG_WARN__DUPLICATE_METHOD_MATCH = YES;
				FRAMEWORK_SEARCH_PATHS = (
					"\"$(SDKROOT)/Developer/Library/Frameworks\"",
					"\"$(DEVELOPER_LIBRARY_DIR)/Frameworks\"",
				);
				GCC_PRECOMPILE_PREFIX_HEADER = YES;
				GCC_PREFIX_HEADER = "friend-bearing-client-ios-libIntegrationTests/friend-bearing-client-ios-libIntegrationTests-Prefix.pch";
				INFOPLIST_FILE = "friend-bearing-client-ios-libIntegrationTests/friend-bearing-client-ios-libIntegrationTests-Info.plist";
				IPHONEOS_DEPLOYMENT_TARGET = 5.1;
				ONLY_ACTIVE_ARCH = YES;
				PRODUCT_NAME = "$(TARGET_NAME)";
				WRAPPER_EXTENSION = octest;
			};
			name = Debug;
		};
		FD1BCE87162611430036E3E8 /* Release */ = {
			isa = XCBuildConfiguration;
			buildSettings = {
				CLANG_CXX_LANGUAGE_STANDARD = "gnu++0x";
				CLANG_CXX_LIBRARY = "libc++";
				CLANG_WARN_EMPTY_BODY = YES;
				CLANG_WARN__DUPLICATE_METHOD_MATCH = YES;
				FRAMEWORK_SEARCH_PATHS = (
					"\"$(SDKROOT)/Developer/Library/Frameworks\"",
					"\"$(DEVELOPER_LIBRARY_DIR)/Frameworks\"",
				);
				GCC_PRECOMPILE_PREFIX_HEADER = YES;
				GCC_PREFIX_HEADER = "friend-bearing-client-ios-libIntegrationTests/friend-bearing-client-ios-libIntegrationTests-Prefix.pch";
				INFOPLIST_FILE = "friend-bearing-client-ios-libIntegrationTests/friend-bearing-client-ios-libIntegrationTests-Info.plist";
				IPHONEOS_DEPLOYMENT_TARGET = 5.1;
				PRODUCT_NAME = "$(TARGET_NAME)";
				WRAPPER_EXTENSION = octest;
			};
			name = Release;
		};
		FD31CF9D1570090000905B59 /* Debug */ = {
			isa = XCBuildConfiguration;
			buildSettings = {
				ALWAYS_SEARCH_USER_PATHS = NO;
				ARCHS = "$(ARCHS_STANDARD_32_BIT)";
				CLANG_ENABLE_OBJC_ARC = YES;
				COPY_PHASE_STRIP = NO;
				GCC_C_LANGUAGE_STANDARD = gnu99;
				GCC_DYNAMIC_NO_PIC = NO;
				GCC_OPTIMIZATION_LEVEL = 0;
				GCC_PREPROCESSOR_DEFINITIONS = (
					"DEBUG=1",
					"$(inherited)",
				);
				GCC_SYMBOLS_PRIVATE_EXTERN = NO;
				GCC_VERSION = com.apple.compilers.llvm.clang.1_0;
				GCC_WARN_ABOUT_RETURN_TYPE = YES;
				GCC_WARN_UNINITIALIZED_AUTOS = YES;
				GCC_WARN_UNUSED_VARIABLE = YES;
				IPHONEOS_DEPLOYMENT_TARGET = 5.1;
				SDKROOT = iphoneos;
			};
			name = Debug;
		};
		FD31CF9E1570090000905B59 /* Release */ = {
			isa = XCBuildConfiguration;
			buildSettings = {
				ALWAYS_SEARCH_USER_PATHS = NO;
				ARCHS = "$(ARCHS_STANDARD_32_BIT)";
				CLANG_ENABLE_OBJC_ARC = YES;
				COPY_PHASE_STRIP = YES;
				GCC_C_LANGUAGE_STANDARD = gnu99;
				GCC_VERSION = com.apple.compilers.llvm.clang.1_0;
				GCC_WARN_ABOUT_RETURN_TYPE = YES;
				GCC_WARN_UNINITIALIZED_AUTOS = YES;
				GCC_WARN_UNUSED_VARIABLE = YES;
				IPHONEOS_DEPLOYMENT_TARGET = 5.1;
				SDKROOT = iphoneos;
				VALIDATE_PRODUCT = YES;
			};
			name = Release;
		};
		FD31CFA01570090000905B59 /* Debug */ = {
			isa = XCBuildConfiguration;
			buildSettings = {
				DSTROOT = /tmp/friend_bearing_client_ios_lib.dst;
				GCC_PRECOMPILE_PREFIX_HEADER = YES;
				GCC_PREFIX_HEADER = "friend-bearing-client-ios-lib/friend-bearing-client-ios-lib-Prefix.pch";
				OTHER_LDFLAGS = "-ObjC";
				PRODUCT_NAME = "$(TARGET_NAME)";
				SKIP_INSTALL = YES;
			};
			name = Debug;
		};
		FD31CFA11570090000905B59 /* Release */ = {
			isa = XCBuildConfiguration;
			buildSettings = {
				DSTROOT = /tmp/friend_bearing_client_ios_lib.dst;
				GCC_PRECOMPILE_PREFIX_HEADER = YES;
				GCC_PREFIX_HEADER = "friend-bearing-client-ios-lib/friend-bearing-client-ios-lib-Prefix.pch";
				OTHER_LDFLAGS = "-ObjC";
				PRODUCT_NAME = "$(TARGET_NAME)";
				SKIP_INSTALL = YES;
			};
			name = Release;
		};
		FD31CFA31570090000905B59 /* Debug */ = {
			isa = XCBuildConfiguration;
			buildSettings = {
				FRAMEWORK_SEARCH_PATHS = (
					"$(SDKROOT)/Developer/Library/Frameworks",
					"$(DEVELOPER_LIBRARY_DIR)/Frameworks",
				);
				GCC_PRECOMPILE_PREFIX_HEADER = YES;
				GCC_PREFIX_HEADER = "friend-bearing-client-ios-lib/friend-bearing-client-ios-lib-Prefix.pch";
				INFOPLIST_FILE = "friend-bearing-client-ios-libTests/friend-bearing-client-ios-libTests-Info.plist";
				PRODUCT_NAME = "$(TARGET_NAME)";
				WRAPPER_EXTENSION = octest;
			};
			name = Debug;
		};
		FD31CFA41570090000905B59 /* Release */ = {
			isa = XCBuildConfiguration;
			buildSettings = {
				FRAMEWORK_SEARCH_PATHS = (
					"$(SDKROOT)/Developer/Library/Frameworks",
					"$(DEVELOPER_LIBRARY_DIR)/Frameworks",
				);
				GCC_PRECOMPILE_PREFIX_HEADER = YES;
				GCC_PREFIX_HEADER = "friend-bearing-client-ios-lib/friend-bearing-client-ios-lib-Prefix.pch";
				INFOPLIST_FILE = "friend-bearing-client-ios-libTests/friend-bearing-client-ios-libTests-Info.plist";
				PRODUCT_NAME = "$(TARGET_NAME)";
				WRAPPER_EXTENSION = octest;
			};
			name = Release;
		};
/* End XCBuildConfiguration section */

/* Begin XCConfigurationList section */
		FD1BCE88162611430036E3E8 /* Build configuration list for PBXNativeTarget "friend-bearing-client-ios-libIntegrationTests" */ = {
			isa = XCConfigurationList;
			buildConfigurations = (
				FD1BCE86162611430036E3E8 /* Debug */,
				FD1BCE87162611430036E3E8 /* Release */,
			);
			defaultConfigurationIsVisible = 0;
		};
		FD31CF75157008FF00905B59 /* Build configuration list for PBXProject "friend-bearing-client-ios-lib" */ = {
			isa = XCConfigurationList;
			buildConfigurations = (
				FD31CF9D1570090000905B59 /* Debug */,
				FD31CF9E1570090000905B59 /* Release */,
			);
			defaultConfigurationIsVisible = 0;
			defaultConfigurationName = Release;
		};
		FD31CF9F1570090000905B59 /* Build configuration list for PBXNativeTarget "friend-bearing-client-ios-lib" */ = {
			isa = XCConfigurationList;
			buildConfigurations = (
				FD31CFA01570090000905B59 /* Debug */,
				FD31CFA11570090000905B59 /* Release */,
			);
			defaultConfigurationIsVisible = 0;
			defaultConfigurationName = Release;
		};
		FD31CFA21570090000905B59 /* Build configuration list for PBXNativeTarget "friend-bearing-client-ios-libTests" */ = {
			isa = XCConfigurationList;
			buildConfigurations = (
				FD31CFA31570090000905B59 /* Debug */,
				FD31CFA41570090000905B59 /* Release */,
			);
			defaultConfigurationIsVisible = 0;
			defaultConfigurationName = Release;
		};
/* End XCConfigurationList section */
	};
	rootObject = FD31CF72157008FF00905B59 /* Project object */;
}
