// !$*UTF8*$!
{
	archiveVersion = 1;
	classes = {
	};
	objectVersion = 46;
	objects = {

/* Begin PBXBuildFile section */
		FD2C9BE01587FF6F00EF0978 /* FriendLocatorViewController.m in Sources */ = {isa = PBXBuildFile; fileRef = FD2C9BDF1587FF6F00EF0978 /* FriendLocatorViewController.m */; };
		FD31CFB51570094500905B59 /* UIKit.framework in Frameworks */ = {isa = PBXBuildFile; fileRef = FD31CFB41570094500905B59 /* UIKit.framework */; };
		FD31CFB71570094500905B59 /* Foundation.framework in Frameworks */ = {isa = PBXBuildFile; fileRef = FD31CFB61570094500905B59 /* Foundation.framework */; };
		FD31CFB91570094500905B59 /* CoreGraphics.framework in Frameworks */ = {isa = PBXBuildFile; fileRef = FD31CFB81570094500905B59 /* CoreGraphics.framework */; };
		FD31CFBF1570094500905B59 /* InfoPlist.strings in Resources */ = {isa = PBXBuildFile; fileRef = FD31CFBD1570094500905B59 /* InfoPlist.strings */; };
		FD31CFC11570094500905B59 /* main.m in Sources */ = {isa = PBXBuildFile; fileRef = FD31CFC01570094500905B59 /* main.m */; };
		FD31CFC51570094500905B59 /* AppDelegate.m in Sources */ = {isa = PBXBuildFile; fileRef = FD31CFC41570094500905B59 /* AppDelegate.m */; };
		FD31CFC81570094500905B59 /* MainStoryboard.storyboard in Resources */ = {isa = PBXBuildFile; fileRef = FD31CFC61570094500905B59 /* MainStoryboard.storyboard */; };
		FD31CFD31570094500905B59 /* SenTestingKit.framework in Frameworks */ = {isa = PBXBuildFile; fileRef = FD31CFD21570094500905B59 /* SenTestingKit.framework */; };
		FD31CFD41570094500905B59 /* UIKit.framework in Frameworks */ = {isa = PBXBuildFile; fileRef = FD31CFB41570094500905B59 /* UIKit.framework */; };
		FD31CFD51570094500905B59 /* Foundation.framework in Frameworks */ = {isa = PBXBuildFile; fileRef = FD31CFB61570094500905B59 /* Foundation.framework */; };
		FD31CFDD1570094500905B59 /* InfoPlist.strings in Resources */ = {isa = PBXBuildFile; fileRef = FD31CFDB1570094500905B59 /* InfoPlist.strings */; };
		FD31CFE01570094500905B59 /* friend_bearing_client_ios_appTests.m in Sources */ = {isa = PBXBuildFile; fileRef = FD31CFDF1570094500905B59 /* friend_bearing_client_ios_appTests.m */; };
		FD63D36F15879DAC00308336 /* ChooseFriendViewController.m in Sources */ = {isa = PBXBuildFile; fileRef = FD63D36E15879DAC00308336 /* ChooseFriendViewController.m */; };
		FD63D3761587A13300308336 /* libfriend-bearing-client-ios-lib.a in Frameworks */ = {isa = PBXBuildFile; fileRef = FD63D3751587A13300308336 /* libfriend-bearing-client-ios-lib.a */; };
		FDDA9EE716598A3900169B51 /* FakeSleepingAsyncFriendBearingSource.m in Sources */ = {isa = PBXBuildFile; fileRef = FDDA9EE616598A3900169B51 /* FakeSleepingAsyncFriendBearingSource.m */; };
		FDEFA8D4161F863E00FCED39 /* FakeSleepingAsyncSessionSource.m in Sources */ = {isa = PBXBuildFile; fileRef = FDEFA8D3161F863E00FCED39 /* FakeSleepingAsyncSessionSource.m */; };
		FDEFA8D5161F863E00FCED39 /* FakeSleepingAsyncSessionSource.m in Sources */ = {isa = PBXBuildFile; fileRef = FDEFA8D3161F863E00FCED39 /* FakeSleepingAsyncSessionSource.m */; };
		FDEFA8DA161F8CF400FCED39 /* ChooseFriendPresenterFactory.m in Sources */ = {isa = PBXBuildFile; fileRef = FDEFA8D9161F8CF400FCED39 /* ChooseFriendPresenterFactory.m */; };
/* End PBXBuildFile section */

/* Begin PBXContainerItemProxy section */
		FD31CFD61570094500905B59 /* PBXContainerItemProxy */ = {
			isa = PBXContainerItemProxy;
			containerPortal = FD31CFA71570094500905B59 /* Project object */;
			proxyType = 1;
			remoteGlobalIDString = FD31CFAF1570094500905B59;
			remoteInfo = "friend-bearing-client-ios-app";
		};
/* End PBXContainerItemProxy section */

/* Begin PBXFileReference section */
		FD2C9BDE1587FF6F00EF0978 /* FriendLocatorViewController.h */ = {isa = PBXFileReference; fileEncoding = 4; lastKnownFileType = sourcecode.c.h; path = FriendLocatorViewController.h; sourceTree = "<group>"; };
		FD2C9BDF1587FF6F00EF0978 /* FriendLocatorViewController.m */ = {isa = PBXFileReference; fileEncoding = 4; lastKnownFileType = sourcecode.c.objc; path = FriendLocatorViewController.m; sourceTree = "<group>"; };
		FD31CFB01570094500905B59 /* friend-bearing-client-ios-app.app */ = {isa = PBXFileReference; explicitFileType = wrapper.application; includeInIndex = 0; path = "friend-bearing-client-ios-app.app"; sourceTree = BUILT_PRODUCTS_DIR; };
		FD31CFB41570094500905B59 /* UIKit.framework */ = {isa = PBXFileReference; lastKnownFileType = wrapper.framework; name = UIKit.framework; path = System/Library/Frameworks/UIKit.framework; sourceTree = SDKROOT; };
		FD31CFB61570094500905B59 /* Foundation.framework */ = {isa = PBXFileReference; lastKnownFileType = wrapper.framework; name = Foundation.framework; path = System/Library/Frameworks/Foundation.framework; sourceTree = SDKROOT; };
		FD31CFB81570094500905B59 /* CoreGraphics.framework */ = {isa = PBXFileReference; lastKnownFileType = wrapper.framework; name = CoreGraphics.framework; path = System/Library/Frameworks/CoreGraphics.framework; sourceTree = SDKROOT; };
		FD31CFBC1570094500905B59 /* friend-bearing-client-ios-app-Info.plist */ = {isa = PBXFileReference; lastKnownFileType = text.plist.xml; path = "friend-bearing-client-ios-app-Info.plist"; sourceTree = "<group>"; };
		FD31CFBE1570094500905B59 /* en */ = {isa = PBXFileReference; lastKnownFileType = text.plist.strings; name = en; path = en.lproj/InfoPlist.strings; sourceTree = "<group>"; };
		FD31CFC01570094500905B59 /* main.m */ = {isa = PBXFileReference; lastKnownFileType = sourcecode.c.objc; path = main.m; sourceTree = "<group>"; };
		FD31CFC21570094500905B59 /* friend-bearing-client-ios-app-Prefix.pch */ = {isa = PBXFileReference; lastKnownFileType = sourcecode.c.h; path = "friend-bearing-client-ios-app-Prefix.pch"; sourceTree = "<group>"; };
		FD31CFC31570094500905B59 /* AppDelegate.h */ = {isa = PBXFileReference; lastKnownFileType = sourcecode.c.h; path = AppDelegate.h; sourceTree = "<group>"; };
		FD31CFC41570094500905B59 /* AppDelegate.m */ = {isa = PBXFileReference; lastKnownFileType = sourcecode.c.objc; path = AppDelegate.m; sourceTree = "<group>"; };
		FD31CFC71570094500905B59 /* en */ = {isa = PBXFileReference; lastKnownFileType = file.storyboard; name = en; path = en.lproj/MainStoryboard.storyboard; sourceTree = "<group>"; };
		FD31CFD11570094500905B59 /* friend-bearing-client-ios-appTests.octest */ = {isa = PBXFileReference; explicitFileType = wrapper.cfbundle; includeInIndex = 0; path = "friend-bearing-client-ios-appTests.octest"; sourceTree = BUILT_PRODUCTS_DIR; };
		FD31CFD21570094500905B59 /* SenTestingKit.framework */ = {isa = PBXFileReference; lastKnownFileType = wrapper.framework; name = SenTestingKit.framework; path = Library/Frameworks/SenTestingKit.framework; sourceTree = DEVELOPER_DIR; };
		FD31CFDA1570094500905B59 /* friend-bearing-client-ios-appTests-Info.plist */ = {isa = PBXFileReference; lastKnownFileType = text.plist.xml; path = "friend-bearing-client-ios-appTests-Info.plist"; sourceTree = "<group>"; };
		FD31CFDC1570094500905B59 /* en */ = {isa = PBXFileReference; lastKnownFileType = text.plist.strings; name = en; path = en.lproj/InfoPlist.strings; sourceTree = "<group>"; };
		FD31CFDE1570094500905B59 /* friend_bearing_client_ios_appTests.h */ = {isa = PBXFileReference; lastKnownFileType = sourcecode.c.h; path = friend_bearing_client_ios_appTests.h; sourceTree = "<group>"; };
		FD31CFDF1570094500905B59 /* friend_bearing_client_ios_appTests.m */ = {isa = PBXFileReference; lastKnownFileType = sourcecode.c.objc; path = friend_bearing_client_ios_appTests.m; sourceTree = "<group>"; };
		FD63D36D15879DAC00308336 /* ChooseFriendViewController.h */ = {isa = PBXFileReference; fileEncoding = 4; lastKnownFileType = sourcecode.c.h; path = ChooseFriendViewController.h; sourceTree = "<group>"; };
		FD63D36E15879DAC00308336 /* ChooseFriendViewController.m */ = {isa = PBXFileReference; fileEncoding = 4; lastKnownFileType = sourcecode.c.objc; path = ChooseFriendViewController.m; sourceTree = "<group>"; };
		FD63D3751587A13300308336 /* libfriend-bearing-client-ios-lib.a */ = {isa = PBXFileReference; lastKnownFileType = archive.ar; name = "libfriend-bearing-client-ios-lib.a"; path = "../DerivedData/friend-bearing/Build/Products/Debug-iphonesimulator/libfriend-bearing-client-ios-lib.a"; sourceTree = SOURCE_ROOT; };
		FDDA9EE516598A3900169B51 /* FakeSleepingAsyncFriendBearingSource.h */ = {isa = PBXFileReference; fileEncoding = 4; lastKnownFileType = sourcecode.c.h; path = FakeSleepingAsyncFriendBearingSource.h; sourceTree = "<group>"; };
		FDDA9EE616598A3900169B51 /* FakeSleepingAsyncFriendBearingSource.m */ = {isa = PBXFileReference; fileEncoding = 4; lastKnownFileType = sourcecode.c.objc; path = FakeSleepingAsyncFriendBearingSource.m; sourceTree = "<group>"; };
		FDEFA8D2161F863E00FCED39 /* FakeSleepingAsyncSessionSource.h */ = {isa = PBXFileReference; fileEncoding = 4; lastKnownFileType = sourcecode.c.h; path = FakeSleepingAsyncSessionSource.h; sourceTree = "<group>"; };
		FDEFA8D3161F863E00FCED39 /* FakeSleepingAsyncSessionSource.m */ = {isa = PBXFileReference; fileEncoding = 4; lastKnownFileType = sourcecode.c.objc; path = FakeSleepingAsyncSessionSource.m; sourceTree = "<group>"; };
		FDEFA8D8161F8CF400FCED39 /* ChooseFriendPresenterFactory.h */ = {isa = PBXFileReference; fileEncoding = 4; lastKnownFileType = sourcecode.c.h; path = ChooseFriendPresenterFactory.h; sourceTree = "<group>"; };
		FDEFA8D9161F8CF400FCED39 /* ChooseFriendPresenterFactory.m */ = {isa = PBXFileReference; fileEncoding = 4; lastKnownFileType = sourcecode.c.objc; path = ChooseFriendPresenterFactory.m; sourceTree = "<group>"; };
/* End PBXFileReference section */

/* Begin PBXFrameworksBuildPhase section */
		FD31CFAD1570094500905B59 /* Frameworks */ = {
			isa = PBXFrameworksBuildPhase;
			buildActionMask = 2147483647;
			files = (
				FD63D3761587A13300308336 /* libfriend-bearing-client-ios-lib.a in Frameworks */,
				FD31CFB51570094500905B59 /* UIKit.framework in Frameworks */,
				FD31CFB71570094500905B59 /* Foundation.framework in Frameworks */,
				FD31CFB91570094500905B59 /* CoreGraphics.framework in Frameworks */,
			);
			runOnlyForDeploymentPostprocessing = 0;
		};
		FD31CFCD1570094500905B59 /* Frameworks */ = {
			isa = PBXFrameworksBuildPhase;
			buildActionMask = 2147483647;
			files = (
				FD31CFD31570094500905B59 /* SenTestingKit.framework in Frameworks */,
				FD31CFD41570094500905B59 /* UIKit.framework in Frameworks */,
				FD31CFD51570094500905B59 /* Foundation.framework in Frameworks */,
			);
			runOnlyForDeploymentPostprocessing = 0;
		};
/* End PBXFrameworksBuildPhase section */

/* Begin PBXGroup section */
		FD2C9BD91587FE7800EF0978 /* Friend Locator */ = {
			isa = PBXGroup;
			children = (
				FD2C9BDE1587FF6F00EF0978 /* FriendLocatorViewController.h */,
				FD2C9BDF1587FF6F00EF0978 /* FriendLocatorViewController.m */,
			);
			name = "Friend Locator";
			sourceTree = "<group>";
		};
		FD31CFA51570094500905B59 = {
			isa = PBXGroup;
			children = (
				FD63D3751587A13300308336 /* libfriend-bearing-client-ios-lib.a */,
				FD31CFBA1570094500905B59 /* friend-bearing-client-ios-app */,
				FD31CFD81570094500905B59 /* friend-bearing-client-ios-appTests */,
				FD31CFB31570094500905B59 /* Frameworks */,
				FD31CFB11570094500905B59 /* Products */,
			);
			sourceTree = "<group>";
		};
		FD31CFB11570094500905B59 /* Products */ = {
			isa = PBXGroup;
			children = (
				FD31CFB01570094500905B59 /* friend-bearing-client-ios-app.app */,
				FD31CFD11570094500905B59 /* friend-bearing-client-ios-appTests.octest */,
			);
			name = Products;
			sourceTree = "<group>";
		};
		FD31CFB31570094500905B59 /* Frameworks */ = {
			isa = PBXGroup;
			children = (
				FD31CFB41570094500905B59 /* UIKit.framework */,
				FD31CFB61570094500905B59 /* Foundation.framework */,
				FD31CFB81570094500905B59 /* CoreGraphics.framework */,
				FD31CFD21570094500905B59 /* SenTestingKit.framework */,
			);
			name = Frameworks;
			sourceTree = "<group>";
		};
		FD31CFBA1570094500905B59 /* friend-bearing-client-ios-app */ = {
			isa = PBXGroup;
			children = (
				FD63D37115879DB300308336 /* Use Cases */,
				FD31CFC31570094500905B59 /* AppDelegate.h */,
				FD31CFC41570094500905B59 /* AppDelegate.m */,
				FDEFA8D7161F8CD300FCED39 /* Factories */,
				FDEFA8D6161F864300FCED39 /* Fakes */,
				FD31CFC61570094500905B59 /* MainStoryboard.storyboard */,
				FD31CFBB1570094500905B59 /* Supporting Files */,
			);
			path = "friend-bearing-client-ios-app";
			sourceTree = "<group>";
		};
		FD31CFBB1570094500905B59 /* Supporting Files */ = {
			isa = PBXGroup;
			children = (
				FD31CFBC1570094500905B59 /* friend-bearing-client-ios-app-Info.plist */,
				FD31CFBD1570094500905B59 /* InfoPlist.strings */,
				FD31CFC01570094500905B59 /* main.m */,
				FD31CFC21570094500905B59 /* friend-bearing-client-ios-app-Prefix.pch */,
			);
			name = "Supporting Files";
			sourceTree = "<group>";
		};
		FD31CFD81570094500905B59 /* friend-bearing-client-ios-appTests */ = {
			isa = PBXGroup;
			children = (
				FD31CFDE1570094500905B59 /* friend_bearing_client_ios_appTests.h */,
				FD31CFDF1570094500905B59 /* friend_bearing_client_ios_appTests.m */,
				FD31CFD91570094500905B59 /* Supporting Files */,
			);
			path = "friend-bearing-client-ios-appTests";
			sourceTree = "<group>";
		};
		FD31CFD91570094500905B59 /* Supporting Files */ = {
			isa = PBXGroup;
			children = (
				FD31CFDA1570094500905B59 /* friend-bearing-client-ios-appTests-Info.plist */,
				FD31CFDB1570094500905B59 /* InfoPlist.strings */,
			);
			name = "Supporting Files";
			sourceTree = "<group>";
		};
		FD63D37115879DB300308336 /* Use Cases */ = {
			isa = PBXGroup;
			children = (
				FD63D37215879DBA00308336 /* Choose Friend */,
				FD2C9BD91587FE7800EF0978 /* Friend Locator */,
			);
			name = "Use Cases";
			sourceTree = "<group>";
		};
		FD63D37215879DBA00308336 /* Choose Friend */ = {
			isa = PBXGroup;
			children = (
				FD63D36D15879DAC00308336 /* ChooseFriendViewController.h */,
				FD63D36E15879DAC00308336 /* ChooseFriendViewController.m */,
			);
			name = "Choose Friend";
			sourceTree = "<group>";
		};
		FDEFA8D6161F864300FCED39 /* Fakes */ = {
			isa = PBXGroup;
			children = (
				FDEFA8D2161F863E00FCED39 /* FakeSleepingAsyncSessionSource.h */,
				FDEFA8D3161F863E00FCED39 /* FakeSleepingAsyncSessionSource.m */,
				FDDA9EE516598A3900169B51 /* FakeSleepingAsyncFriendBearingSource.h */,
				FDDA9EE616598A3900169B51 /* FakeSleepingAsyncFriendBearingSource.m */,
			);
			name = Fakes;
			sourceTree = "<group>";
		};
		FDEFA8D7161F8CD300FCED39 /* Factories */ = {
			isa = PBXGroup;
			children = (
				FDEFA8D8161F8CF400FCED39 /* ChooseFriendPresenterFactory.h */,
				FDEFA8D9161F8CF400FCED39 /* ChooseFriendPresenterFactory.m */,
			);
			name = Factories;
			sourceTree = "<group>";
		};
/* End PBXGroup section */

/* Begin PBXNativeTarget section */
		FD31CFAF1570094500905B59 /* friend-bearing-client-ios-app */ = {
			isa = PBXNativeTarget;
			buildConfigurationList = FD31CFE31570094500905B59 /* Build configuration list for PBXNativeTarget "friend-bearing-client-ios-app" */;
			buildPhases = (
				FD31CFAC1570094500905B59 /* Sources */,
				FD31CFAD1570094500905B59 /* Frameworks */,
				FD31CFAE1570094500905B59 /* Resources */,
			);
			buildRules = (
			);
			dependencies = (
			);
			name = "friend-bearing-client-ios-app";
			productName = "friend-bearing-client-ios-app";
			productReference = FD31CFB01570094500905B59 /* friend-bearing-client-ios-app.app */;
			productType = "com.apple.product-type.application";
		};
		FD31CFD01570094500905B59 /* friend-bearing-client-ios-appTests */ = {
			isa = PBXNativeTarget;
			buildConfigurationList = FD31CFE61570094500905B59 /* Build configuration list for PBXNativeTarget "friend-bearing-client-ios-appTests" */;
			buildPhases = (
				FD31CFCC1570094500905B59 /* Sources */,
				FD31CFCD1570094500905B59 /* Frameworks */,
				FD31CFCE1570094500905B59 /* Resources */,
				FD31CFCF1570094500905B59 /* ShellScript */,
			);
			buildRules = (
			);
			dependencies = (
				FD31CFD71570094500905B59 /* PBXTargetDependency */,
			);
			name = "friend-bearing-client-ios-appTests";
			productName = "friend-bearing-client-ios-appTests";
			productReference = FD31CFD11570094500905B59 /* friend-bearing-client-ios-appTests.octest */;
			productType = "com.apple.product-type.bundle";
		};
/* End PBXNativeTarget section */

/* Begin PBXProject section */
		FD31CFA71570094500905B59 /* Project object */ = {
			isa = PBXProject;
			attributes = {
				LastUpgradeCheck = 0430;
				ORGANIZATIONNAME = "Simon Lundmark";
			};
			buildConfigurationList = FD31CFAA1570094500905B59 /* Build configuration list for PBXProject "friend-bearing-client-ios-app" */;
			compatibilityVersion = "Xcode 3.2";
			developmentRegion = English;
			hasScannedForEncodings = 0;
			knownRegions = (
				en,
			);
			mainGroup = FD31CFA51570094500905B59;
			productRefGroup = FD31CFB11570094500905B59 /* Products */;
			projectDirPath = "";
			projectRoot = "";
			targets = (
				FD31CFAF1570094500905B59 /* friend-bearing-client-ios-app */,
				FD31CFD01570094500905B59 /* friend-bearing-client-ios-appTests */,
			);
		};
/* End PBXProject section */

/* Begin PBXResourcesBuildPhase section */
		FD31CFAE1570094500905B59 /* Resources */ = {
			isa = PBXResourcesBuildPhase;
			buildActionMask = 2147483647;
			files = (
				FD31CFBF1570094500905B59 /* InfoPlist.strings in Resources */,
				FD31CFC81570094500905B59 /* MainStoryboard.storyboard in Resources */,
			);
			runOnlyForDeploymentPostprocessing = 0;
		};
		FD31CFCE1570094500905B59 /* Resources */ = {
			isa = PBXResourcesBuildPhase;
			buildActionMask = 2147483647;
			files = (
				FD31CFDD1570094500905B59 /* InfoPlist.strings in Resources */,
			);
			runOnlyForDeploymentPostprocessing = 0;
		};
/* End PBXResourcesBuildPhase section */

/* Begin PBXShellScriptBuildPhase section */
		FD31CFCF1570094500905B59 /* ShellScript */ = {
			isa = PBXShellScriptBuildPhase;
			buildActionMask = 2147483647;
			files = (
			);
			inputPaths = (
			);
			outputPaths = (
			);
			runOnlyForDeploymentPostprocessing = 0;
			shellPath = /bin/sh;
			shellScript = "# Run the unit tests in this test bundle.\n\"${SYSTEM_DEVELOPER_DIR}/Tools/RunUnitTests\"\n";
		};
/* End PBXShellScriptBuildPhase section */

/* Begin PBXSourcesBuildPhase section */
		FD31CFAC1570094500905B59 /* Sources */ = {
			isa = PBXSourcesBuildPhase;
			buildActionMask = 2147483647;
			files = (
				FD31CFC11570094500905B59 /* main.m in Sources */,
				FD31CFC51570094500905B59 /* AppDelegate.m in Sources */,
				FD63D36F15879DAC00308336 /* ChooseFriendViewController.m in Sources */,
				FD2C9BE01587FF6F00EF0978 /* FriendLocatorViewController.m in Sources */,
				FDEFA8D4161F863E00FCED39 /* FakeSleepingAsyncSessionSource.m in Sources */,
				FDEFA8DA161F8CF400FCED39 /* ChooseFriendPresenterFactory.m in Sources */,
				FDDA9EE716598A3900169B51 /* FakeSleepingAsyncFriendBearingSource.m in Sources */,
			);
			runOnlyForDeploymentPostprocessing = 0;
		};
		FD31CFCC1570094500905B59 /* Sources */ = {
			isa = PBXSourcesBuildPhase;
			buildActionMask = 2147483647;
			files = (
				FD31CFE01570094500905B59 /* friend_bearing_client_ios_appTests.m in Sources */,
				FDEFA8D5161F863E00FCED39 /* FakeSleepingAsyncSessionSource.m in Sources */,
			);
			runOnlyForDeploymentPostprocessing = 0;
		};
/* End PBXSourcesBuildPhase section */

/* Begin PBXTargetDependency section */
		FD31CFD71570094500905B59 /* PBXTargetDependency */ = {
			isa = PBXTargetDependency;
			target = FD31CFAF1570094500905B59 /* friend-bearing-client-ios-app */;
			targetProxy = FD31CFD61570094500905B59 /* PBXContainerItemProxy */;
		};
/* End PBXTargetDependency section */

/* Begin PBXVariantGroup section */
		FD31CFBD1570094500905B59 /* InfoPlist.strings */ = {
			isa = PBXVariantGroup;
			children = (
				FD31CFBE1570094500905B59 /* en */,
			);
			name = InfoPlist.strings;
			sourceTree = "<group>";
		};
		FD31CFC61570094500905B59 /* MainStoryboard.storyboard */ = {
			isa = PBXVariantGroup;
			children = (
				FD31CFC71570094500905B59 /* en */,
			);
			name = MainStoryboard.storyboard;
			sourceTree = "<group>";
		};
		FD31CFDB1570094500905B59 /* InfoPlist.strings */ = {
			isa = PBXVariantGroup;
			children = (
				FD31CFDC1570094500905B59 /* en */,
			);
			name = InfoPlist.strings;
			sourceTree = "<group>";
		};
/* End PBXVariantGroup section */

/* Begin XCBuildConfiguration section */
		FD31CFE11570094500905B59 /* Debug */ = {
			isa = XCBuildConfiguration;
			buildSettings = {
				ALWAYS_SEARCH_USER_PATHS = NO;
				ARCHS = "$(ARCHS_STANDARD_32_BIT)";
				CLANG_ENABLE_OBJC_ARC = YES;
				"CODE_SIGN_IDENTITY[sdk=iphoneos*]" = "iPhone Developer";
				COPY_PHASE_STRIP = NO;
				GCC_C_LANGUAGE_STANDARD = gnu99;
				GCC_DYNAMIC_NO_PIC = NO;
				GCC_OPTIMIZATION_LEVEL = 0;
				GCC_PREPROCESSOR_DEFINITIONS = (
					"DEBUG=1",
					"$(inherited)",
				);
				GCC_SYMBOLS_PRIVATE_EXTERN = NO;
				GCC_VERSION = com.apple.compilers.llvm.clang.1_0;
				GCC_WARN_ABOUT_RETURN_TYPE = YES;
				GCC_WARN_UNINITIALIZED_AUTOS = YES;
				GCC_WARN_UNUSED_VARIABLE = YES;
				IPHONEOS_DEPLOYMENT_TARGET = 5.1;
				SDKROOT = iphoneos;
			};
			name = Debug;
		};
		FD31CFE21570094500905B59 /* Release */ = {
			isa = XCBuildConfiguration;
			buildSettings = {
				ALWAYS_SEARCH_USER_PATHS = NO;
				ARCHS = "$(ARCHS_STANDARD_32_BIT)";
				CLANG_ENABLE_OBJC_ARC = YES;
				"CODE_SIGN_IDENTITY[sdk=iphoneos*]" = "iPhone Developer";
				COPY_PHASE_STRIP = YES;
				GCC_C_LANGUAGE_STANDARD = gnu99;
				GCC_VERSION = com.apple.compilers.llvm.clang.1_0;
				GCC_WARN_ABOUT_RETURN_TYPE = YES;
				GCC_WARN_UNINITIALIZED_AUTOS = YES;
				GCC_WARN_UNUSED_VARIABLE = YES;
				IPHONEOS_DEPLOYMENT_TARGET = 5.1;
				OTHER_CFLAGS = "-DNS_BLOCK_ASSERTIONS=1";
				SDKROOT = iphoneos;
				VALIDATE_PRODUCT = YES;
			};
			name = Release;
		};
		FD31CFE41570094500905B59 /* Debug */ = {
			isa = XCBuildConfiguration;
			buildSettings = {
				ALWAYS_SEARCH_USER_PATHS = YES;
				GCC_PRECOMPILE_PREFIX_HEADER = YES;
				GCC_PREFIX_HEADER = "friend-bearing-client-ios-app/friend-bearing-client-ios-app-Prefix.pch";
				INFOPLIST_FILE = "friend-bearing-client-ios-app/friend-bearing-client-ios-app-Info.plist";
				IPHONEOS_DEPLOYMENT_TARGET = 5.1;
				PRODUCT_NAME = "$(TARGET_NAME)";
				USER_HEADER_SEARCH_PATHS = "../friend-bearing-client-ios-lib/friend-bearing-client-ios-lib/**";
				WRAPPER_EXTENSION = app;
			};
			name = Debug;
		};
		FD31CFE51570094500905B59 /* Release */ = {
			isa = XCBuildConfiguration;
			buildSettings = {
				ALWAYS_SEARCH_USER_PATHS = YES;
				GCC_PRECOMPILE_PREFIX_HEADER = YES;
				GCC_PREFIX_HEADER = "friend-bearing-client-ios-app/friend-bearing-client-ios-app-Prefix.pch";
				INFOPLIST_FILE = "friend-bearing-client-ios-app/friend-bearing-client-ios-app-Info.plist";
				IPHONEOS_DEPLOYMENT_TARGET = 5.1;
				PRODUCT_NAME = "$(TARGET_NAME)";
				USER_HEADER_SEARCH_PATHS = "../friend-bearing-client-ios-lib/friend-bearing-client-ios-lib/**";
				WRAPPER_EXTENSION = app;
			};
			name = Release;
		};
		FD31CFE71570094500905B59 /* Debug */ = {
			isa = XCBuildConfiguration;
			buildSettings = {
				BUNDLE_LOADER = "$(BUILT_PRODUCTS_DIR)/friend-bearing-client-ios-app.app/friend-bearing-client-ios-app";
				FRAMEWORK_SEARCH_PATHS = (
					"$(SDKROOT)/Developer/Library/Frameworks",
					"$(DEVELOPER_LIBRARY_DIR)/Frameworks",
				);
				GCC_PRECOMPILE_PREFIX_HEADER = YES;
				GCC_PREFIX_HEADER = "friend-bearing-client-ios-app/friend-bearing-client-ios-app-Prefix.pch";
				INFOPLIST_FILE = "friend-bearing-client-ios-appTests/friend-bearing-client-ios-appTests-Info.plist";
				PRODUCT_NAME = "$(TARGET_NAME)";
				TEST_HOST = "$(BUNDLE_LOADER)";
				WRAPPER_EXTENSION = octest;
			};
			name = Debug;
		};
		FD31CFE81570094500905B59 /* Release */ = {
			isa = XCBuildConfiguration;
			buildSettings = {
				BUNDLE_LOADER = "$(BUILT_PRODUCTS_DIR)/friend-bearing-client-ios-app.app/friend-bearing-client-ios-app";
				FRAMEWORK_SEARCH_PATHS = (
					"$(SDKROOT)/Developer/Library/Frameworks",
					"$(DEVELOPER_LIBRARY_DIR)/Frameworks",
				);
				GCC_PRECOMPILE_PREFIX_HEADER = YES;
				GCC_PREFIX_HEADER = "friend-bearing-client-ios-app/friend-bearing-client-ios-app-Prefix.pch";
				INFOPLIST_FILE = "friend-bearing-client-ios-appTests/friend-bearing-client-ios-appTests-Info.plist";
				PRODUCT_NAME = "$(TARGET_NAME)";
				TEST_HOST = "$(BUNDLE_LOADER)";
				WRAPPER_EXTENSION = octest;
			};
			name = Release;
		};
/* End XCBuildConfiguration section */

/* Begin XCConfigurationList section */
		FD31CFAA1570094500905B59 /* Build configuration list for PBXProject "friend-bearing-client-ios-app" */ = {
			isa = XCConfigurationList;
			buildConfigurations = (
				FD31CFE11570094500905B59 /* Debug */,
				FD31CFE21570094500905B59 /* Release */,
			);
			defaultConfigurationIsVisible = 0;
			defaultConfigurationName = Release;
		};
		FD31CFE31570094500905B59 /* Build configuration list for PBXNativeTarget "friend-bearing-client-ios-app" */ = {
			isa = XCConfigurationList;
			buildConfigurations = (
				FD31CFE41570094500905B59 /* Debug */,
				FD31CFE51570094500905B59 /* Release */,
			);
			defaultConfigurationIsVisible = 0;
			defaultConfigurationName = Release;
		};
		FD31CFE61570094500905B59 /* Build configuration list for PBXNativeTarget "friend-bearing-client-ios-appTests" */ = {
			isa = XCConfigurationList;
			buildConfigurations = (
				FD31CFE71570094500905B59 /* Debug */,
				FD31CFE81570094500905B59 /* Release */,
			);
			defaultConfigurationIsVisible = 0;
			defaultConfigurationName = Release;
		};
/* End XCConfigurationList section */
	};
	rootObject = FD31CFA71570094500905B59 /* Project object */;
}
